// !$*UTF8*$!
{
	archiveVersion = 1;
	classes = {
	};
	objectVersion = 39;
	objects = {
		080E96DDFE201D6D7F000001 = {
			children = (
				7FE7F5060AB9F7A4003C6EF3,
				7F481D740A583AE300451B13,
				7F7712F70AF36EE100F6BBAF,
				7F481D2B0A5834EB00451B13,
				7F481CE10A5832F100451B13,
				7F4815860A52F41000451B13,
				7F4812870A52D34600451B13,
				F5A47A9D01A0482F01D3D55B,
				F5A47A9E01A0483001D3D55B,
			);
			isa = PBXGroup;
			name = Classes;
			refType = 4;
			sourceTree = "<group>";
		};
		089C165CFE840E0CC02AAC07 = {
			children = (
				089C165DFE840E0CC02AAC07,
			);
			isa = PBXVariantGroup;
			name = InfoPlist.strings;
			refType = 4;
			sourceTree = "<group>";
		};
		089C165DFE840E0CC02AAC07 = {
			fileEncoding = 10;
			isa = PBXFileReference;
			lastKnownFileType = text.plist.strings;
			name = English;
			path = English.lproj/InfoPlist.strings;
			refType = 4;
			sourceTree = "<group>";
		};
		089C165EFE840E0CC02AAC07 = {
			fileRef = 089C165CFE840E0CC02AAC07;
			isa = PBXBuildFile;
			settings = {
			};
		};
//080
//081
//082
//083
//084
//100
//101
//102
//103
//104
		1058C7A0FEA54F0111CA2CBB = {
			children = (
				1058C7A1FEA54F0111CA2CBB,
			);
			isa = PBXGroup;
			name = "Linked Frameworks";
			refType = 4;
			sourceTree = "<group>";
		};
		1058C7A1FEA54F0111CA2CBB = {
			isa = PBXFileReference;
			lastKnownFileType = wrapper.framework;
			name = Cocoa.framework;
			path = /System/Library/Frameworks/Cocoa.framework;
			refType = 0;
			sourceTree = "<absolute>";
		};
		1058C7A2FEA54F0111CA2CBB = {
			children = (
				29B97325FDCFA39411CA2CEA,
				29B97324FDCFA39411CA2CEA,
			);
			isa = PBXGroup;
			name = "Other Frameworks";
			refType = 4;
			sourceTree = "<group>";
		};
		1058C7A3FEA54F0111CA2CBB = {
			fileRef = 1058C7A1FEA54F0111CA2CBB;
			isa = PBXBuildFile;
			settings = {
			};
		};
//100
//101
//102
//103
//104
//170
//171
//172
//173
//174
		17587328FF379C6511CA2CBB = {
			explicitFileType = wrapper.application;
			isa = PBXFileReference;
			path = MacBomber.app;
			refType = 3;
			sourceTree = BUILT_PRODUCTS_DIR;
		};
//170
//171
//172
//173
//174
//190
//191
//192
//193
//194
		19C28FACFE9D520D11CA2CBB = {
			children = (
				17587328FF379C6511CA2CBB,
			);
			isa = PBXGroup;
			name = Products;
			refType = 4;
			sourceTree = "<group>";
		};
//190
//191
//192
//193
//194
//290
//291
//292
//293
//294
		29B97313FDCFA39411CA2CEA = {
			buildSettings = {
			};
			buildStyles = (
				4A9504CCFFE6A4B311CA0CBA,
				4A9504CDFFE6A4B311CA0CBA,
			);
			hasScannedForEncodings = 0;
			isa = PBXProject;
			mainGroup = 29B97314FDCFA39411CA2CEA;
			projectDirPath = "";
			targets = (
				29B97326FDCFA39411CA2CEA,
			);
		};
		29B97314FDCFA39411CA2CEA = {
			children = (
				7FAC671B0B1EE3EB008473AA,
				7FAC671C0B1EE3EB008473AA,
				7FAC671D0B1EE3EB008473AA,
				7FA3E9DE0ACFAE0600BD4684,
				7F8DA6950AC82C7B0025418C,
				7F8DA6930AC82C710025418C,
				7F68A0DB0A850CC100294EEA,
				7F8FF18E0B065E7A008CBBF7,
				7F4812F90A52D5E100451B13,
				080E96DDFE201D6D7F000001,
				29B97315FDCFA39411CA2CEA,
				29B97317FDCFA39411CA2CEA,
				29B97323FDCFA39411CA2CEA,
				19C28FACFE9D520D11CA2CBB,
			);
			isa = PBXGroup;
			name = MacBomber;
			path = "";
			refType = 4;
			sourceTree = "<group>";
		};
		29B97315FDCFA39411CA2CEA = {
			children = (
				7F4812EE0A52D55F00451B13,
				7F481D6D0A58374E00451B13,
				7F481D6C0A58374E00451B13,
				7F4812D50A52D3B600451B13,
				7F4812D40A52D3B600451B13,
				7F4812D30A52D3B600451B13,
				7F4812D20A52D3B600451B13,
				F5A47A9F01A0483001D3D55B,
			);
			isa = PBXGroup;
			name = "Other Sources";
			path = "";
			refType = 4;
			sourceTree = "<group>";
		};
		29B97317FDCFA39411CA2CEA = {
			children = (
				7FF9E7D50A965D8B00F03DA1,
				7F4813A30A52E45300451B13,
				7F48139B0A52E44600451B13,
				7F4813640A52E42700451B13,
				7F48135E0A52E41B00451B13,
				7F77128E0AF3632200F6BBAF,
				089C165CFE840E0CC02AAC07,
			);
			isa = PBXGroup;
			name = Resources;
			path = "";
			refType = 4;
			sourceTree = "<group>";
		};
		29B97323FDCFA39411CA2CEA = {
			children = (
				1058C7A0FEA54F0111CA2CBB,
				1058C7A2FEA54F0111CA2CBB,
			);
			isa = PBXGroup;
			name = Frameworks;
			path = "";
			refType = 4;
			sourceTree = "<group>";
		};
		29B97324FDCFA39411CA2CEA = {
			isa = PBXFileReference;
			lastKnownFileType = wrapper.framework;
			name = AppKit.framework;
			path = /System/Library/Frameworks/AppKit.framework;
			refType = 0;
			sourceTree = "<absolute>";
		};
		29B97325FDCFA39411CA2CEA = {
			isa = PBXFileReference;
			lastKnownFileType = wrapper.framework;
			name = Foundation.framework;
			path = /System/Library/Frameworks/Foundation.framework;
			refType = 0;
			sourceTree = "<absolute>";
		};
		29B97326FDCFA39411CA2CEA = {
			buildPhases = (
				29B97327FDCFA39411CA2CEA,
				29B97328FDCFA39411CA2CEA,
				29B9732BFDCFA39411CA2CEA,
				29B9732DFDCFA39411CA2CEA,
				7F4818160A582AA200451B13,
			);
			buildSettings = {
				FRAMEWORK_SEARCH_PATHS = "\"/Library/Frameworks\"";
				HEADER_SEARCH_PATHS = "\"/Library/Frameworks/SDL.framework/Headers\"";
				INSTALL_PATH = "$(HOME)/Applications";
				LIBRARY_SEARCH_PATHS = /Users/quarus/Entwicklung/MacBomber/MacBomber_Trunk/lib/ppc;
				OTHER_LDFLAGS = "/usr/lib/libz.dylib /Users/quarus/Entwicklung/MacBomber/MacBomber_Trunk/lib/ppc/libfreetype.a";
				PRODUCT_NAME = MacBomber;
				SECTORDER_FLAGS = "";
				WARNING_CFLAGS = "-Wmost -Wno-four-char-constants -Wno-unknown-pragmas";
				WRAPPER_EXTENSION = app;
			};
			dependencies = (
			);
			isa = PBXApplicationTarget;
			name = MacBomber;
			productInstallPath = "$(HOME)/Applications";
			productName = MacBomber;
			productReference = 17587328FF379C6511CA2CBB;
			productSettingsXML = "<?xml version=\"1.0\" encoding=\"UTF-8\"?>
<!DOCTYPE plist PUBLIC \"-//Apple Computer//DTD PLIST 1.0//EN\" \"http://www.apple.com/DTDs/PropertyList-1.0.dtd\">
<plist version=\"1.0\">
<dict>
	<key>CFBundleDevelopmentRegion</key>
	<string>English</string>
	<key>CFBundleExecutable</key>
	<string>MacBomber</string>
	<key>CFBundleIconFile</key>
	<string>icon</string>
	<key>CFBundleInfoDictionaryVersion</key>
	<string>6.0</string>
	<key>CFBundlePackageType</key>
	<string>APPL</string>
	<key>CFBundleSignature</key>
	<string>????</string>
	<key>CFBundleVersion</key>
	<string>0.4</string>
	<key>NSMainNibFile</key>
	<string>MainMenu</string>
	<key>NSPrincipalClass</key>
	<string>NSApplication</string>
</dict>
</plist>
";
		};
		29B97327FDCFA39411CA2CEA = {
			buildActionMask = 2147483647;
			files = (
				F5A47AA101A0483001D3D55B,
				7F4812AD0A52D39100451B13,
				7F4812AF0A52D39100451B13,
				7F4812B10A52D39100451B13,
				7F4812B30A52D39100451B13,
				7F4812B50A52D39100451B13,
				7F4812B70A52D39100451B13,
				7F4812B90A52D39100451B13,
				7F4812BB0A52D39100451B13,
				7F4812BD0A52D39100451B13,
				7F4812BF0A52D39100451B13,
				7F4812C00A52D39100451B13,
				7F4812C20A52D39100451B13,
				7F4812C40A52D39100451B13,
				7F4812C60A52D39100451B13,
				7F4812C80A52D39100451B13,
				7F4812CA0A52D39100451B13,
				7F4812CC0A52D39100451B13,
				7F4812CE0A52D39100451B13,
				7F4812CF0A52D39100451B13,
				7F4812D70A52D3B600451B13,
				7F4812D90A52D3B600451B13,
				7F4812EF0A52D55F00451B13,
				7F48158E0A52F45300451B13,
				7F4815900A52F45300451B13,
				7F4815FA0A58224900451B13,
				7F481D050A58334800451B13,
				7F481D070A58334800451B13,
				7F481D090A58334800451B13,
				7F481D0B0A58334800451B13,
				7F481D0D0A58334800451B13,
				7F481D0F0A58334800451B13,
				7F481D110A58334800451B13,
				7F481D130A58334800451B13,
				7F481D150A58334800451B13,
				7F481D170A58334800451B13,
				7F481D190A58334800451B13,
				7F481D1B0A58334800451B13,
				7F481D1D0A58334800451B13,
				7F481D1F0A58334800451B13,
				7F481D210A58334800451B13,
				7F481D4F0A5835B500451B13,
				7F481D510A5835B500451B13,
				7F481D530A5835B500451B13,
				7F481D550A5835B500451B13,
				7F481D570A5835B500451B13,
				7F481D590A5835B500451B13,
				7F481D5B0A5835B500451B13,
				7F481D5D0A5835B500451B13,
				7F481D5F0A5835B500451B13,
				7F481D600A5835B500451B13,
				7F481D710A58374E00451B13,
				7F481DB10A583B1B00451B13,
				7F481DB30A583B1B00451B13,
				7F481DB50A583B1B00451B13,
				7F481DB70A583B1B00451B13,
				7F481DB90A583B1B00451B13,
				7F481DBB0A583B1B00451B13,
				7F481DBD0A583B1B00451B13,
				7F481DBF0A583B1B00451B13,
				7F481DC10A583B1B00451B13,
				7F481DC30A583B1B00451B13,
				7F481DC50A583B1B00451B13,
				7F481DC70A583B1B00451B13,
				7F481DC90A583B1B00451B13,
				7F481DCB0A583B1B00451B13,
				7F481DCD0A583B1B00451B13,
				7F481DCF0A583B1B00451B13,
				7F481DD10A583B1B00451B13,
				7F481DD30A583B1B00451B13,
				7F482ABA0A5E40F300451B13,
				7FD22CD10A7AA70F005FF70E,
				7FB4BAC10A85E85700096FE6,
				7FB4BEE60A892B8E00096FE6,
				7F6AD3790A8CE8A700B905ED,
				7FB27E920A8E0DB900B627AC,
				7F83BC360A9B2A0700AC2867,
				7F481E630AAC99CF00E48C1F,
				7FE7F52A0AB9F930003C6EF3,
				7F594F070ABA931E001BAAC1,
				7F5950070ABAC61A001BAAC1,
				7F7D2B6C0ADFA04500E50B46,
				7F8224C80AE8D8D100FCCBEE,
				7F7713070AF36EE100F6BBAF,
				7F7713090AF36EE100F6BBAF,
				7F77130B0AF36EE100F6BBAF,
				7F77130D0AF36EE100F6BBAF,
				7F77130F0AF36EE100F6BBAF,
				7F7713110AF36EE100F6BBAF,
				7F7713130AF36EE100F6BBAF,
				7F7716FE0AF3FBBF00F6BBAF,
				7FD200750AF93987008FC019,
				7FAD1B9F0AFD250D00E58059,
				7FE5F6B90B4A78A500175F0A,
				7FE5F7290B4A7F6200175F0A,
				7FE5F7AC0B4A8D1600175F0A,
				7FE5FADC0B4ACD6900175F0A,
				7FE5FBE10B4AE21C00175F0A,
				7F4013050B4D5D5600399E3B,
				7F4023CE0B4EBAA000399E3B,
				7FAB1CEF0B5A87ED00820F59,
			);
			isa = PBXHeadersBuildPhase;
			runOnlyForDeploymentPostprocessing = 0;
		};
		29B97328FDCFA39411CA2CEA = {
			buildActionMask = 2147483647;
			files = (
				089C165EFE840E0CC02AAC07,
				7F4813610A52E41B00451B13,
				7F4813890A52E42700451B13,
				7F4813A00A52E44600451B13,
				7F4815210A52E45400451B13,
				7FF9E7D60A965D8B00F03DA1,
				7F7712C10AF3632200F6BBAF,
			);
			isa = PBXResourcesBuildPhase;
			runOnlyForDeploymentPostprocessing = 0;
		};
		29B9732BFDCFA39411CA2CEA = {
			buildActionMask = 2147483647;
			files = (
				F5A47AA301A0483001D3D55B,
				F5A47AA401A0483001D3D55B,
				7F4812AC0A52D39100451B13,
				7F4812AE0A52D39100451B13,
				7F4812B00A52D39100451B13,
				7F4812B20A52D39100451B13,
				7F4812B40A52D39100451B13,
				7F4812B60A52D39100451B13,
				7F4812B80A52D39100451B13,
				7F4812BA0A52D39100451B13,
				7F4812BC0A52D39100451B13,
				7F4812BE0A52D39100451B13,
				7F4812C10A52D39100451B13,
				7F4812C30A52D39100451B13,
				7F4812C50A52D39100451B13,
				7F4812C70A52D39100451B13,
				7F4812C90A52D39100451B13,
				7F4812CB0A52D39100451B13,
				7F4812CD0A52D39100451B13,
				7F4812D60A52D3B600451B13,
				7F4812D80A52D3B600451B13,
				7F48158D0A52F45300451B13,
				7F48158F0A52F45300451B13,
				7F4815F90A58224900451B13,
				7F481D040A58334800451B13,
				7F481D060A58334800451B13,
				7F481D080A58334800451B13,
				7F481D0A0A58334800451B13,
				7F481D0C0A58334800451B13,
				7F481D0E0A58334800451B13,
				7F481D100A58334800451B13,
				7F481D120A58334800451B13,
				7F481D140A58334800451B13,
				7F481D160A58334800451B13,
				7F481D180A58334800451B13,
				7F481D1A0A58334800451B13,
				7F481D1C0A58334800451B13,
				7F481D1E0A58334800451B13,
				7F481D200A58334800451B13,
				7F481D4E0A5835B500451B13,
				7F481D500A5835B500451B13,
				7F481D520A5835B500451B13,
				7F481D540A5835B500451B13,
				7F481D560A5835B500451B13,
				7F481D580A5835B500451B13,
				7F481D5A0A5835B500451B13,
				7F481D5C0A5835B500451B13,
				7F481D5E0A5835B500451B13,
				7F481D700A58374E00451B13,
				7F481DB00A583B1B00451B13,
				7F481DB20A583B1B00451B13,
				7F481DB40A583B1B00451B13,
				7F481DB60A583B1B00451B13,
				7F481DB80A583B1B00451B13,
				7F481DBA0A583B1B00451B13,
				7F481DBC0A583B1B00451B13,
				7F481DBE0A583B1B00451B13,
				7F481DC00A583B1B00451B13,
				7F481DC20A583B1B00451B13,
				7F481DC40A583B1B00451B13,
				7F481DC60A583B1B00451B13,
				7F481DC80A583B1B00451B13,
				7F481DCA0A583B1B00451B13,
				7F481DCC0A583B1B00451B13,
				7F481DCE0A583B1B00451B13,
				7F481DD00A583B1B00451B13,
				7F481DD20A583B1B00451B13,
				7F482ABB0A5E40F300451B13,
				7FD22CD20A7AA70F005FF70E,
				7FB4BAC20A85E85700096FE6,
				7FB4BEE70A892B8E00096FE6,
				7F6AD37A0A8CE8A700B905ED,
				7FB27E930A8E0DB900B627AC,
				7F83BC370A9B2A0700AC2867,
				7F481E640AAC99CF00E48C1F,
				7FE7F5290AB9F930003C6EF3,
				7F594F080ABA931E001BAAC1,
				7F5950080ABAC61A001BAAC1,
				7F7D2B6D0ADFA04500E50B46,
				7F8224C90AE8D8D100FCCBEE,
				7F7713060AF36EE100F6BBAF,
				7F7713080AF36EE100F6BBAF,
				7F77130A0AF36EE100F6BBAF,
				7F77130C0AF36EE100F6BBAF,
				7F77130E0AF36EE100F6BBAF,
				7F7713100AF36EE100F6BBAF,
				7F7713120AF36EE100F6BBAF,
				7F7716FF0AF3FBBF00F6BBAF,
				7FD200740AF93987008FC019,
				7FAD1BA00AFD250D00E58059,
				7FE5F6BA0B4A78A500175F0A,
				7FE5F72A0B4A7F6200175F0A,
				7FE5F7AD0B4A8D1600175F0A,
				7FE5FADD0B4ACD6900175F0A,
				7FE5FBE20B4AE21C00175F0A,
				7F4013060B4D5D5600399E3B,
				7F4023CF0B4EBAA000399E3B,
				7FAB1CF00B5A87ED00820F59,
			);
			isa = PBXSourcesBuildPhase;
			runOnlyForDeploymentPostprocessing = 0;
		};
		29B9732DFDCFA39411CA2CEA = {
			buildActionMask = 2147483647;
			files = (
				7F8DA6940AC82C710025418C,
				7F8DA6960AC82C7B0025418C,
				7FA3E9DF0ACFAE0600BD4684,
				1058C7A3FEA54F0111CA2CBB,
				7F4812FA0A52D5E100451B13,
				7F68A0DC0A850CC100294EEA,
				7F8FF18F0B065E7A008CBBF7,
				7FAC671E0B1EE3EB008473AA,
				7FAC671F0B1EE3EB008473AA,
				7FAC67200B1EE3EB008473AA,
			);
			isa = PBXFrameworksBuildPhase;
			runOnlyForDeploymentPostprocessing = 0;
		};
//290
//291
//292
//293
//294
//4A0
//4A1
//4A2
//4A3
//4A4
		4A9504CCFFE6A4B311CA0CBA = {
			buildSettings = {
				COPY_PHASE_STRIP = NO;
				GCC_DYNAMIC_NO_PIC = NO;
				GCC_ENABLE_FIX_AND_CONTINUE = YES;
				GCC_GENERATE_DEBUGGING_SYMBOLS = YES;
				GCC_OPTIMIZATION_LEVEL = 0;
				HEADER_SEARCH_PATHS = "/usr/local/include/FTGL /usr/local/include/freetype2";
				LIBRARY_SEARCH_PATHS = "";
				OPTIMIZATION_CFLAGS = "-O0";
				PREBINDING = NO;
				ZERO_LINK = YES;
			};
			isa = PBXBuildStyle;
			name = Development;
		};
		4A9504CDFFE6A4B311CA0CBA = {
			buildSettings = {
				COPY_PHASE_STRIP = YES;
				GCC_ENABLE_FIX_AND_CONTINUE = NO;
				GCC_GENERATE_DEBUGGING_SYMBOLS = NO;
				HEADER_SEARCH_PATHS = "/usr/local/include/FTGL /usr/local/include/freetype2";
				ZERO_LINK = NO;
			};
			isa = PBXBuildStyle;
			name = Deployment;
		};
//4A0
//4A1
//4A2
//4A3
//4A4
//7F0
//7F1
//7F2
//7F3
//7F4
		7F4013030B4D5D5600399E3B = {
			fileEncoding = 4;
			isa = PBXFileReference;
			lastKnownFileType = sourcecode.c.h;
			path = CParticle_SmokeTrail.h;
			refType = 4;
			sourceTree = "<group>";
		};
		7F4013040B4D5D5600399E3B = {
			fileEncoding = 4;
			isa = PBXFileReference;
			lastKnownFileType = sourcecode.cpp.cpp;
			path = CParticle_SmokeTrail.cpp;
			refType = 4;
			sourceTree = "<group>";
		};
		7F4013050B4D5D5600399E3B = {
			fileRef = 7F4013030B4D5D5600399E3B;
			isa = PBXBuildFile;
			settings = {
			};
		};
		7F4013060B4D5D5600399E3B = {
			fileRef = 7F4013040B4D5D5600399E3B;
			isa = PBXBuildFile;
			settings = {
			};
		};
		7F4023CC0B4EBAA000399E3B = {
			fileEncoding = 4;
			isa = PBXFileReference;
			lastKnownFileType = sourcecode.c.h;
			path = CParticle_Explosion.h;
			refType = 4;
			sourceTree = "<group>";
		};
		7F4023CD0B4EBAA000399E3B = {
			fileEncoding = 4;
			isa = PBXFileReference;
			lastKnownFileType = sourcecode.cpp.cpp;
			path = CParticle_Explosion.cpp;
			refType = 4;
			sourceTree = "<group>";
		};
		7F4023CE0B4EBAA000399E3B = {
			fileRef = 7F4023CC0B4EBAA000399E3B;
			isa = PBXBuildFile;
			settings = {
			};
		};
		7F4023CF0B4EBAA000399E3B = {
			fileRef = 7F4023CD0B4EBAA000399E3B;
			isa = PBXBuildFile;
			settings = {
			};
		};
		7F4477640A5FA197002C4854 = {
			children = (
				7F481DA10A583B1A00451B13,
				7F481DA00A583B1A00451B13,
				7F481DA30A583B1A00451B13,
				7F481DA20A583B1A00451B13,
				7F481DA50A583B1A00451B13,
				7F481DA40A583B1A00451B13,
				7F4477650A5FA19D002C4854,
				7F4477660A5FA1A5002C4854,
			);
			isa = PBXGroup;
			name = Items;
			refType = 4;
			sourceTree = "<group>";
		};
		7F4477650A5FA19D002C4854 = {
			children = (
				7F481D930A583B1A00451B13,
				7F481D920A583B1A00451B13,
				7F481D970A583B1A00451B13,
				7F481D960A583B1A00451B13,
				7F481D9B0A583B1A00451B13,
				7F481D9A0A583B1A00451B13,
				7F481D9D0A583B1A00451B13,
				7F481D9C0A583B1A00451B13,
			);
			isa = PBXGroup;
			name = Goodies;
			refType = 4;
			sourceTree = "<group>";
		};
		7F4477660A5FA1A5002C4854 = {
			children = (
				7FD22CCF0A7AA70F005FF70E,
				7FD22CD00A7AA70F005FF70E,
				7F481D950A583B1A00451B13,
				7F481D940A583B1A00451B13,
				7F481D990A583B1A00451B13,
				7F481D980A583B1A00451B13,
				7F481D9F0A583B1A00451B13,
				7F481D9E0A583B1A00451B13,
			);
			isa = PBXGroup;
			name = Badies;
			refType = 4;
			sourceTree = "<group>";
		};
		7F4477670A5FA231002C4854 = {
			children = (
				7F481CEB0A58334700451B13,
				7F481CEA0A58334700451B13,
				7F481CF90A58334800451B13,
				7F481CF80A58334800451B13,
				7F481CFB0A58334800451B13,
				7F481CFA0A58334800451B13,
				7F481CFD0A58334800451B13,
				7F481CFC0A58334800451B13,
			);
			isa = PBXGroup;
			name = PlayerSetup;
			refType = 4;
			sourceTree = "<group>";
		};
		7F4477680A5FA266002C4854 = {
			children = (
				7F481CED0A58334700451B13,
				7F481CEC0A58334700451B13,
				7F481CEF0A58334800451B13,
				7F481CEE0A58334800451B13,
				7F481CF10A58334800451B13,
				7F481CF00A58334800451B13,
			);
			isa = PBXGroup;
			name = LevelSelection;
			refType = 4;
			sourceTree = "<group>";
		};
		7F4812870A52D34600451B13 = {
			children = (
				7FEF6D8A0B4676F700868ED6,
				7FB4BEE40A892B8E00096FE6,
				7FB4BEE50A892B8E00096FE6,
				7F4812890A52D39000451B13,
				7F4812880A52D39000451B13,
				7F48128B0A52D39000451B13,
				7F48128A0A52D39000451B13,
				7F48128D0A52D39000451B13,
				7F48128C0A52D39000451B13,
				7F48128F0A52D39000451B13,
				7F48128E0A52D39000451B13,
				7F4812910A52D39000451B13,
				7F4812900A52D39000451B13,
				7F4812950A52D39000451B13,
				7F4812940A52D39000451B13,
				7F4812970A52D39100451B13,
				7F4812960A52D39000451B13,
				7F4815F80A58224900451B13,
				7F4815F70A58224900451B13,
				7F4812990A52D39100451B13,
				7F4812980A52D39100451B13,
				7F4812930A52D39000451B13,
				7F4812920A52D39000451B13,
				7F48129B0A52D39100451B13,
				7F48129A0A52D39100451B13,
				7F8224C60AE8D8D100FCCBEE,
				7F8224C70AE8D8D100FCCBEE,
				7F48129C0A52D39100451B13,
				7F48129E0A52D39100451B13,
				7F48129D0A52D39100451B13,
				7F4812A00A52D39100451B13,
				7F48129F0A52D39100451B13,
				7F4812A40A52D39100451B13,
				7F4812A30A52D39100451B13,
				7F4812A20A52D39100451B13,
				7F4812A10A52D39100451B13,
				7FD200730AF93987008FC019,
				7FD200720AF93987008FC019,
				7F4812A50A52D39100451B13,
				7F4812A60A52D39100451B13,
				7F4812A80A52D39100451B13,
				7F4812A70A52D39100451B13,
				7F482AB80A5E40F300451B13,
				7F482AB90A5E40F300451B13,
				7FAB1CED0B5A87ED00820F59,
				7FAB1CEE0B5A87ED00820F59,
				7F4812AA0A52D39100451B13,
				7F4812A90A52D39100451B13,
				7FB27E900A8E0DB900B627AC,
				7FB27E910A8E0DB900B627AC,
				7F4812AB0A52D39100451B13,
			);
			isa = PBXGroup;
			path = Engine;
			refType = 4;
			sourceTree = "<group>";
		};
		7F4812880A52D39000451B13 = {
			fileEncoding = 30;
			isa = PBXFileReference;
			lastKnownFileType = sourcecode.cpp.cpp;
			path = 3DMath.cpp;
			refType = 4;
			sourceTree = "<group>";
		};
		7F4812890A52D39000451B13 = {
			fileEncoding = 30;
			isa = PBXFileReference;
			lastKnownFileType = sourcecode.c.h;
			path = 3DMath.h;
			refType = 4;
			sourceTree = "<group>";
		};
		7F48128A0A52D39000451B13 = {
			fileEncoding = 30;
			isa = PBXFileReference;
			lastKnownFileType = sourcecode.cpp.cpp;
			path = CBillboard.cpp;
			refType = 4;
			sourceTree = "<group>";
		};
		7F48128B0A52D39000451B13 = {
			fileEncoding = 30;
			isa = PBXFileReference;
			lastKnownFileType = sourcecode.c.h;
			path = CBillboard.h;
			refType = 4;
			sourceTree = "<group>";
		};
		7F48128C0A52D39000451B13 = {
			fileEncoding = 30;
			isa = PBXFileReference;
			lastKnownFileType = sourcecode.cpp.cpp;
			path = CBoundingBox_2D.cpp;
			refType = 4;
			sourceTree = "<group>";
		};
		7F48128D0A52D39000451B13 = {
			fileEncoding = 30;
			isa = PBXFileReference;
			lastKnownFileType = sourcecode.c.h;
			path = CBoundingBox_2D.h;
			refType = 4;
			sourceTree = "<group>";
		};
		7F48128E0A52D39000451B13 = {
			fileEncoding = 30;
			isa = PBXFileReference;
			lastKnownFileType = sourcecode.cpp.cpp;
			path = CCamera.cpp;
			refType = 4;
			sourceTree = "<group>";
		};
		7F48128F0A52D39000451B13 = {
			fileEncoding = 30;
			isa = PBXFileReference;
			lastKnownFileType = sourcecode.c.h;
			path = CCamera.h;
			refType = 4;
			sourceTree = "<group>";
		};
		7F4812900A52D39000451B13 = {
			fileEncoding = 30;
			isa = PBXFileReference;
			lastKnownFileType = sourcecode.cpp.cpp;
			path = CMatrix.cpp;
			refType = 4;
			sourceTree = "<group>";
		};
		7F4812910A52D39000451B13 = {
			fileEncoding = 30;
			isa = PBXFileReference;
			lastKnownFileType = sourcecode.c.h;
			path = CMatrix.h;
			refType = 4;
			sourceTree = "<group>";
		};
		7F4812920A52D39000451B13 = {
			fileEncoding = 30;
			isa = PBXFileReference;
			lastKnownFileType = sourcecode.cpp.cpp;
			path = CMeshManager.cpp;
			refType = 4;
			sourceTree = "<group>";
		};
		7F4812930A52D39000451B13 = {
			fileEncoding = 30;
			isa = PBXFileReference;
			lastKnownFileType = sourcecode.c.h;
			path = CMeshManager.h;
			refType = 4;
			sourceTree = "<group>";
		};
		7F4812940A52D39000451B13 = {
			fileEncoding = 30;
			isa = PBXFileReference;
			lastKnownFileType = sourcecode.cpp.cpp;
			path = CSimpleBezier.cpp;
			refType = 4;
			sourceTree = "<group>";
		};
		7F4812950A52D39000451B13 = {
			fileEncoding = 30;
			isa = PBXFileReference;
			lastKnownFileType = sourcecode.c.h;
			path = CSimpleBezier.h;
			refType = 4;
			sourceTree = "<group>";
		};
		7F4812960A52D39000451B13 = {
			fileEncoding = 30;
			isa = PBXFileReference;
			lastKnownFileType = sourcecode.cpp.cpp;
			path = CSoundManager.cpp;
			refType = 4;
			sourceTree = "<group>";
		};
		7F4812970A52D39100451B13 = {
			fileEncoding = 30;
			isa = PBXFileReference;
			lastKnownFileType = sourcecode.c.h;
			path = CSoundManager.h;
			refType = 4;
			sourceTree = "<group>";
		};
		7F4812980A52D39100451B13 = {
			fileEncoding = 30;
			isa = PBXFileReference;
			lastKnownFileType = sourcecode.cpp.cpp;
			path = CTextureManager.cpp;
			refType = 4;
			sourceTree = "<group>";
		};
		7F4812990A52D39100451B13 = {
			fileEncoding = 30;
			isa = PBXFileReference;
			lastKnownFileType = sourcecode.c.h;
			path = CTextureManager.h;
			refType = 4;
			sourceTree = "<group>";
		};
		7F48129A0A52D39100451B13 = {
			fileEncoding = 30;
			isa = PBXFileReference;
			lastKnownFileType = sourcecode.cpp.cpp;
			path = CTimer.cpp;
			refType = 4;
			sourceTree = "<group>";
		};
		7F48129B0A52D39100451B13 = {
			fileEncoding = 30;
			isa = PBXFileReference;
			lastKnownFileType = sourcecode.c.h;
			path = CTimer.h;
			refType = 4;
			sourceTree = "<group>";
		};
		7F48129C0A52D39100451B13 = {
			fileEncoding = 30;
			isa = PBXFileReference;
			lastKnownFileType = sourcecode.c.h;
			path = CTriangle.h;
			refType = 4;
			sourceTree = "<group>";
		};
		7F48129D0A52D39100451B13 = {
			fileEncoding = 30;
			isa = PBXFileReference;
			lastKnownFileType = sourcecode.cpp.cpp;
			path = CTriangleMesh.cpp;
			refType = 4;
			sourceTree = "<group>";
		};
		7F48129E0A52D39100451B13 = {
			fileEncoding = 30;
			isa = PBXFileReference;
			lastKnownFileType = sourcecode.c.h;
			path = CTriangleMesh.h;
			refType = 4;
			sourceTree = "<group>";
		};
		7F48129F0A52D39100451B13 = {
			fileEncoding = 30;
			isa = PBXFileReference;
			lastKnownFileType = sourcecode.cpp.cpp;
			path = CVector3.cpp;
			refType = 4;
			sourceTree = "<group>";
		};
		7F4812A00A52D39100451B13 = {
			fileEncoding = 30;
			isa = PBXFileReference;
			lastKnownFileType = sourcecode.c.h;
			path = CVector3.h;
			refType = 4;
			sourceTree = "<group>";
		};
		7F4812A10A52D39100451B13 = {
			fileEncoding = 30;
			isa = PBXFileReference;
			lastKnownFileType = sourcecode.cpp.cpp;
			path = framerateCalculator.cpp;
			refType = 4;
			sourceTree = "<group>";
		};
		7F4812A20A52D39100451B13 = {
			fileEncoding = 30;
			isa = PBXFileReference;
			lastKnownFileType = sourcecode.c.h;
			path = framerateCalculator.h;
			refType = 4;
			sourceTree = "<group>";
		};
		7F4812A30A52D39100451B13 = {
			fileEncoding = 30;
			isa = PBXFileReference;
			lastKnownFileType = sourcecode.cpp.cpp;
			path = Init.cpp;
			refType = 4;
			sourceTree = "<group>";
		};
		7F4812A40A52D39100451B13 = {
			fileEncoding = 30;
			isa = PBXFileReference;
			lastKnownFileType = sourcecode.c.h;
			path = Init.h;
			refType = 4;
			sourceTree = "<group>";
		};
		7F4812A50A52D39100451B13 = {
			fileEncoding = 30;
			isa = PBXFileReference;
			lastKnownFileType = sourcecode.cpp.cpp;
			path = loadTexture.cpp;
			refType = 4;
			sourceTree = "<group>";
		};
		7F4812A60A52D39100451B13 = {
			fileEncoding = 30;
			isa = PBXFileReference;
			lastKnownFileType = sourcecode.c.h;
			path = loadTexture.h;
			refType = 4;
			sourceTree = "<group>";
		};
		7F4812A70A52D39100451B13 = {
			fileEncoding = 30;
			isa = PBXFileReference;
			lastKnownFileType = sourcecode.cpp.cpp;
			path = scaleFunctions.cpp;
			refType = 4;
			sourceTree = "<group>";
		};
		7F4812A80A52D39100451B13 = {
			fileEncoding = 30;
			isa = PBXFileReference;
			lastKnownFileType = sourcecode.c.h;
			path = scaleFunctions.h;
			refType = 4;
			sourceTree = "<group>";
		};
		7F4812A90A52D39100451B13 = {
			fileEncoding = 30;
			isa = PBXFileReference;
			lastKnownFileType = sourcecode.cpp.cpp;
			path = ortho.cpp;
			refType = 4;
			sourceTree = "<group>";
		};
		7F4812AA0A52D39100451B13 = {
			fileEncoding = 30;
			isa = PBXFileReference;
			lastKnownFileType = sourcecode.c.h;
			path = ortho.h;
			refType = 4;
			sourceTree = "<group>";
		};
		7F4812AB0A52D39100451B13 = {
			fileEncoding = 30;
			isa = PBXFileReference;
			lastKnownFileType = sourcecode.c.h;
			path = Workaround.h;
			refType = 4;
			sourceTree = "<group>";
		};
		7F4812AC0A52D39100451B13 = {
			fileRef = 7F4812880A52D39000451B13;
			isa = PBXBuildFile;
			settings = {
			};
		};
		7F4812AD0A52D39100451B13 = {
			fileRef = 7F4812890A52D39000451B13;
			isa = PBXBuildFile;
			settings = {
			};
		};
		7F4812AE0A52D39100451B13 = {
			fileRef = 7F48128A0A52D39000451B13;
			isa = PBXBuildFile;
			settings = {
			};
		};
		7F4812AF0A52D39100451B13 = {
			fileRef = 7F48128B0A52D39000451B13;
			isa = PBXBuildFile;
			settings = {
			};
		};
		7F4812B00A52D39100451B13 = {
			fileRef = 7F48128C0A52D39000451B13;
			isa = PBXBuildFile;
			settings = {
			};
		};
		7F4812B10A52D39100451B13 = {
			fileRef = 7F48128D0A52D39000451B13;
			isa = PBXBuildFile;
			settings = {
			};
		};
		7F4812B20A52D39100451B13 = {
			fileRef = 7F48128E0A52D39000451B13;
			isa = PBXBuildFile;
			settings = {
			};
		};
		7F4812B30A52D39100451B13 = {
			fileRef = 7F48128F0A52D39000451B13;
			isa = PBXBuildFile;
			settings = {
			};
		};
		7F4812B40A52D39100451B13 = {
			fileRef = 7F4812900A52D39000451B13;
			isa = PBXBuildFile;
			settings = {
			};
		};
		7F4812B50A52D39100451B13 = {
			fileRef = 7F4812910A52D39000451B13;
			isa = PBXBuildFile;
			settings = {
			};
		};
		7F4812B60A52D39100451B13 = {
			fileRef = 7F4812920A52D39000451B13;
			isa = PBXBuildFile;
			settings = {
			};
		};
		7F4812B70A52D39100451B13 = {
			fileRef = 7F4812930A52D39000451B13;
			isa = PBXBuildFile;
			settings = {
			};
		};
		7F4812B80A52D39100451B13 = {
			fileRef = 7F4812940A52D39000451B13;
			isa = PBXBuildFile;
			settings = {
			};
		};
		7F4812B90A52D39100451B13 = {
			fileRef = 7F4812950A52D39000451B13;
			isa = PBXBuildFile;
			settings = {
			};
		};
		7F4812BA0A52D39100451B13 = {
			fileRef = 7F4812960A52D39000451B13;
			isa = PBXBuildFile;
			settings = {
			};
		};
		7F4812BB0A52D39100451B13 = {
			fileRef = 7F4812970A52D39100451B13;
			isa = PBXBuildFile;
			settings = {
			};
		};
		7F4812BC0A52D39100451B13 = {
			fileRef = 7F4812980A52D39100451B13;
			isa = PBXBuildFile;
			settings = {
			};
		};
		7F4812BD0A52D39100451B13 = {
			fileRef = 7F4812990A52D39100451B13;
			isa = PBXBuildFile;
			settings = {
			};
		};
		7F4812BE0A52D39100451B13 = {
			fileRef = 7F48129A0A52D39100451B13;
			isa = PBXBuildFile;
			settings = {
			};
		};
		7F4812BF0A52D39100451B13 = {
			fileRef = 7F48129B0A52D39100451B13;
			isa = PBXBuildFile;
			settings = {
			};
		};
		7F4812C00A52D39100451B13 = {
			fileRef = 7F48129C0A52D39100451B13;
			isa = PBXBuildFile;
			settings = {
			};
		};
		7F4812C10A52D39100451B13 = {
			fileRef = 7F48129D0A52D39100451B13;
			isa = PBXBuildFile;
			settings = {
			};
		};
		7F4812C20A52D39100451B13 = {
			fileRef = 7F48129E0A52D39100451B13;
			isa = PBXBuildFile;
			settings = {
			};
		};
		7F4812C30A52D39100451B13 = {
			fileRef = 7F48129F0A52D39100451B13;
			isa = PBXBuildFile;
			settings = {
			};
		};
		7F4812C40A52D39100451B13 = {
			fileRef = 7F4812A00A52D39100451B13;
			isa = PBXBuildFile;
			settings = {
			};
		};
		7F4812C50A52D39100451B13 = {
			fileRef = 7F4812A10A52D39100451B13;
			isa = PBXBuildFile;
			settings = {
			};
		};
		7F4812C60A52D39100451B13 = {
			fileRef = 7F4812A20A52D39100451B13;
			isa = PBXBuildFile;
			settings = {
			};
		};
		7F4812C70A52D39100451B13 = {
			fileRef = 7F4812A30A52D39100451B13;
			isa = PBXBuildFile;
			settings = {
			};
		};
		7F4812C80A52D39100451B13 = {
			fileRef = 7F4812A40A52D39100451B13;
			isa = PBXBuildFile;
			settings = {
			};
		};
		7F4812C90A52D39100451B13 = {
			fileRef = 7F4812A50A52D39100451B13;
			isa = PBXBuildFile;
			settings = {
			};
		};
		7F4812CA0A52D39100451B13 = {
			fileRef = 7F4812A60A52D39100451B13;
			isa = PBXBuildFile;
			settings = {
			};
		};
		7F4812CB0A52D39100451B13 = {
			fileRef = 7F4812A70A52D39100451B13;
			isa = PBXBuildFile;
			settings = {
			};
		};
		7F4812CC0A52D39100451B13 = {
			fileRef = 7F4812A80A52D39100451B13;
			isa = PBXBuildFile;
			settings = {
			};
		};
		7F4812CD0A52D39100451B13 = {
			fileRef = 7F4812A90A52D39100451B13;
			isa = PBXBuildFile;
			settings = {
			};
		};
		7F4812CE0A52D39100451B13 = {
			fileRef = 7F4812AA0A52D39100451B13;
			isa = PBXBuildFile;
			settings = {
			};
		};
		7F4812CF0A52D39100451B13 = {
			fileRef = 7F4812AB0A52D39100451B13;
			isa = PBXBuildFile;
			settings = {
			};
		};
		7F4812D20A52D3B600451B13 = {
			fileEncoding = 30;
			isa = PBXFileReference;
			lastKnownFileType = sourcecode.cpp.cpp;
			path = CApplication.cpp;
			refType = 4;
			sourceTree = "<group>";
		};
		7F4812D30A52D3B600451B13 = {
			fileEncoding = 30;
			isa = PBXFileReference;
			lastKnownFileType = sourcecode.c.h;
			path = CApplication.h;
			refType = 4;
			sourceTree = "<group>";
		};
		7F4812D40A52D3B600451B13 = {
			fileEncoding = 30;
			isa = PBXFileReference;
			lastKnownFileType = sourcecode.cpp.cpp;
			path = CConfig.cpp;
			refType = 4;
			sourceTree = "<group>";
		};
		7F4812D50A52D3B600451B13 = {
			fileEncoding = 30;
			isa = PBXFileReference;
			lastKnownFileType = sourcecode.c.h;
			path = CConfig.h;
			refType = 4;
			sourceTree = "<group>";
		};
		7F4812D60A52D3B600451B13 = {
			fileRef = 7F4812D20A52D3B600451B13;
			isa = PBXBuildFile;
			settings = {
			};
		};
		7F4812D70A52D3B600451B13 = {
			fileRef = 7F4812D30A52D3B600451B13;
			isa = PBXBuildFile;
			settings = {
			};
		};
		7F4812D80A52D3B600451B13 = {
			fileRef = 7F4812D40A52D3B600451B13;
			isa = PBXBuildFile;
			settings = {
			};
		};
		7F4812D90A52D3B600451B13 = {
			fileRef = 7F4812D50A52D3B600451B13;
			isa = PBXBuildFile;
			settings = {
			};
		};
		7F4812EE0A52D55F00451B13 = {
			fileEncoding = 30;
			isa = PBXFileReference;
			lastKnownFileType = sourcecode.c.h;
			path = Defines.h;
			refType = 4;
			sourceTree = "<group>";
		};
		7F4812EF0A52D55F00451B13 = {
			fileRef = 7F4812EE0A52D55F00451B13;
			isa = PBXBuildFile;
			settings = {
			};
		};
		7F4812F90A52D5E100451B13 = {
			isa = PBXFileReference;
			lastKnownFileType = wrapper.framework;
			name = OpenGL.framework;
			path = /System/Library/Frameworks/OpenGL.framework;
			refType = 0;
			sourceTree = "<absolute>";
		};
		7F4812FA0A52D5E100451B13 = {
			fileRef = 7F4812F90A52D5E100451B13;
			isa = PBXBuildFile;
			settings = {
			};
		};
		7F48135E0A52E41B00451B13 = {
			isa = PBXFileReference;
			lastKnownFileType = folder;
			path = Fonts;
			refType = 4;
			sourceTree = "<group>";
		};
		7F4813610A52E41B00451B13 = {
			fileRef = 7F48135E0A52E41B00451B13;
			isa = PBXBuildFile;
			settings = {
			};
		};
		7F4813640A52E42700451B13 = {
			isa = PBXFileReference;
			lastKnownFileType = folder;
			path = Maps;
			refType = 4;
			sourceTree = "<group>";
		};
		7F4813890A52E42700451B13 = {
			fileRef = 7F4813640A52E42700451B13;
			isa = PBXBuildFile;
			settings = {
			};
		};
		7F48139B0A52E44600451B13 = {
			isa = PBXFileReference;
			lastKnownFileType = folder;
			path = Sounds;
			refType = 4;
			sourceTree = "<group>";
		};
		7F4813A00A52E44600451B13 = {
			fileRef = 7F48139B0A52E44600451B13;
			isa = PBXBuildFile;
			settings = {
			};
		};
		7F4813A30A52E45300451B13 = {
			isa = PBXFileReference;
			lastKnownFileType = folder;
			path = Textures;
			refType = 4;
			sourceTree = "<group>";
		};
		7F4815210A52E45400451B13 = {
			fileRef = 7F4813A30A52E45300451B13;
			isa = PBXBuildFile;
			settings = {
			};
		};
		7F4815860A52F41000451B13 = {
			children = (
				7F6AD3770A8CE8A700B905ED,
				7F6AD3780A8CE8A700B905ED,
				7F48158A0A52F45300451B13,
				7F4815890A52F45300451B13,
				7F48158C0A52F45300451B13,
				7F48158B0A52F45300451B13,
			);
			isa = PBXGroup;
			path = Controller;
			refType = 4;
			sourceTree = "<group>";
		};
		7F4815890A52F45300451B13 = {
			fileEncoding = 30;
			isa = PBXFileReference;
			lastKnownFileType = sourcecode.cpp.cpp;
			path = CController_Keyboard.cpp;
			refType = 4;
			sourceTree = "<group>";
		};
		7F48158A0A52F45300451B13 = {
			fileEncoding = 30;
			isa = PBXFileReference;
			lastKnownFileType = sourcecode.c.h;
			path = CController_Keyboard.h;
			refType = 4;
			sourceTree = "<group>";
		};
		7F48158B0A52F45300451B13 = {
			fileEncoding = 30;
			isa = PBXFileReference;
			lastKnownFileType = sourcecode.cpp.cpp;
			path = CController.cpp;
			refType = 4;
			sourceTree = "<group>";
		};
		7F48158C0A52F45300451B13 = {
			fileEncoding = 30;
			isa = PBXFileReference;
			lastKnownFileType = sourcecode.c.h;
			path = CController.h;
			refType = 4;
			sourceTree = "<group>";
		};
		7F48158D0A52F45300451B13 = {
			fileRef = 7F4815890A52F45300451B13;
			isa = PBXBuildFile;
			settings = {
			};
		};
		7F48158E0A52F45300451B13 = {
			fileRef = 7F48158A0A52F45300451B13;
			isa = PBXBuildFile;
			settings = {
			};
		};
		7F48158F0A52F45300451B13 = {
			fileRef = 7F48158B0A52F45300451B13;
			isa = PBXBuildFile;
			settings = {
			};
		};
		7F4815900A52F45300451B13 = {
			fileRef = 7F48158C0A52F45300451B13;
			isa = PBXBuildFile;
			settings = {
			};
		};
		7F4815F70A58224900451B13 = {
			fileEncoding = 30;
			isa = PBXFileReference;
			lastKnownFileType = sourcecode.cpp.cpp;
			path = CTextDrawer.cpp;
			refType = 4;
			sourceTree = "<group>";
		};
		7F4815F80A58224900451B13 = {
			fileEncoding = 30;
			isa = PBXFileReference;
			lastKnownFileType = sourcecode.c.h;
			path = CTextDrawer.h;
			refType = 4;
			sourceTree = "<group>";
		};
		7F4815F90A58224900451B13 = {
			fileRef = 7F4815F70A58224900451B13;
			isa = PBXBuildFile;
			settings = {
			};
		};
		7F4815FA0A58224900451B13 = {
			fileRef = 7F4815F80A58224900451B13;
			isa = PBXBuildFile;
			settings = {
			};
		};
		7F4818160A582AA200451B13 = {
			buildActionMask = 2147483647;
			dstPath = "";
			dstSubfolderSpec = 10;
			files = (
				7F84DB360AD677C000B75BFC,
				7F84DB370AD677C000B75BFC,
				7F84DB380AD677C000B75BFC,
			);
			isa = PBXCopyFilesBuildPhase;
			runOnlyForDeploymentPostprocessing = 0;
		};
		7F481CE10A5832F100451B13 = {
			children = (
				7F4477680A5FA266002C4854,
				7F4477670A5FA231002C4854,
				7F481CE70A58334700451B13,
				7F481CE60A58334700451B13,
				7F481CE90A58334700451B13,
				7F481CE80A58334700451B13,
				7FAD1B9D0AFD250D00E58059,
				7FAD1B9E0AFD250D00E58059,
				7F481CFF0A58334800451B13,
				7F481CFE0A58334800451B13,
				7F481CF30A58334800451B13,
				7F481CF20A58334800451B13,
				7F481CF50A58334800451B13,
				7F481CF40A58334800451B13,
				7F83BC340A9B2A0700AC2867,
				7F83BC350A9B2A0700AC2867,
				7F481CF70A58334800451B13,
				7F481CF60A58334800451B13,
				7F481D010A58334800451B13,
				7F481D000A58334800451B13,
				7F481D030A58334800451B13,
				7F481D020A58334800451B13,
			);
			isa = PBXGroup;
			path = Menu;
			refType = 4;
			sourceTree = "<group>";
		};
		7F481CE60A58334700451B13 = {
			fileEncoding = 30;
			isa = PBXFileReference;
			lastKnownFileType = sourcecode.cpp.cpp;
			path = CApplicationMenu.cpp;
			refType = 4;
			sourceTree = "<group>";
		};
		7F481CE70A58334700451B13 = {
			fileEncoding = 30;
			isa = PBXFileReference;
			lastKnownFileType = sourcecode.c.h;
			path = CApplicationMenu.h;
			refType = 4;
			sourceTree = "<group>";
		};
		7F481CE80A58334700451B13 = {
			fileEncoding = 30;
			isa = PBXFileReference;
			lastKnownFileType = sourcecode.cpp.cpp;
			path = CHUD.cpp;
			refType = 4;
			sourceTree = "<group>";
		};
		7F481CE90A58334700451B13 = {
			fileEncoding = 30;
			isa = PBXFileReference;
			lastKnownFileType = sourcecode.c.h;
			path = CHUD.h;
			refType = 4;
			sourceTree = "<group>";
		};
		7F481CEA0A58334700451B13 = {
			fileEncoding = 30;
			isa = PBXFileReference;
			lastKnownFileType = sourcecode.cpp.cpp;
			path = CControllerSetupItem.cpp;
			refType = 4;
			sourceTree = "<group>";
		};
		7F481CEB0A58334700451B13 = {
			fileEncoding = 30;
			isa = PBXFileReference;
			lastKnownFileType = sourcecode.c.h;
			path = CControllerSetupItem.h;
			refType = 4;
			sourceTree = "<group>";
		};
		7F481CEC0A58334700451B13 = {
			fileEncoding = 30;
			isa = PBXFileReference;
			lastKnownFileType = sourcecode.cpp.cpp;
			path = CLevelScrollListItem.cpp;
			refType = 4;
			sourceTree = "<group>";
		};
		7F481CED0A58334700451B13 = {
			fileEncoding = 30;
			isa = PBXFileReference;
			lastKnownFileType = sourcecode.c.h;
			path = CLevelScrollListItem.h;
			refType = 4;
			sourceTree = "<group>";
		};
		7F481CEE0A58334800451B13 = {
			fileEncoding = 30;
			isa = PBXFileReference;
			lastKnownFileType = sourcecode.cpp.cpp;
			path = CLevelSelectionMenu.cpp;
			refType = 4;
			sourceTree = "<group>";
		};
		7F481CEF0A58334800451B13 = {
			fileEncoding = 30;
			isa = PBXFileReference;
			lastKnownFileType = sourcecode.c.h;
			path = CLevelSelectionMenu.h;
			refType = 4;
			sourceTree = "<group>";
		};
		7F481CF00A58334800451B13 = {
			fileEncoding = 30;
			isa = PBXFileReference;
			lastKnownFileType = sourcecode.cpp.cpp;
			path = CMapPreview.cpp;
			refType = 4;
			sourceTree = "<group>";
		};
		7F481CF10A58334800451B13 = {
			fileEncoding = 30;
			isa = PBXFileReference;
			lastKnownFileType = sourcecode.c.h;
			path = CMapPreview.h;
			refType = 4;
			sourceTree = "<group>";
		};
		7F481CF20A58334800451B13 = {
			fileEncoding = 30;
			isa = PBXFileReference;
			lastKnownFileType = sourcecode.cpp.cpp;
			path = CMenu.cpp;
			refType = 4;
			sourceTree = "<group>";
		};
		7F481CF30A58334800451B13 = {
			fileEncoding = 30;
			isa = PBXFileReference;
			lastKnownFileType = sourcecode.c.h;
			path = CMenu.h;
			refType = 4;
			sourceTree = "<group>";
		};
		7F481CF40A58334800451B13 = {
			fileEncoding = 30;
			isa = PBXFileReference;
			lastKnownFileType = sourcecode.cpp.cpp;
			path = CMenuItem.cpp;
			refType = 4;
			sourceTree = "<group>";
		};
		7F481CF50A58334800451B13 = {
			fileEncoding = 30;
			isa = PBXFileReference;
			lastKnownFileType = sourcecode.c.h;
			path = CMenuItem.h;
			refType = 4;
			sourceTree = "<group>";
		};
		7F481CF60A58334800451B13 = {
			fileEncoding = 30;
			isa = PBXFileReference;
			lastKnownFileType = sourcecode.cpp.cpp;
			path = CMenuSwitchItem.cpp;
			refType = 4;
			sourceTree = "<group>";
		};
		7F481CF70A58334800451B13 = {
			fileEncoding = 30;
			isa = PBXFileReference;
			lastKnownFileType = sourcecode.c.h;
			path = CMenuSwitchItem.h;
			refType = 4;
			sourceTree = "<group>";
		};
		7F481CF80A58334800451B13 = {
			fileEncoding = 30;
			isa = PBXFileReference;
			lastKnownFileType = sourcecode.cpp.cpp;
			path = CPlayerSetupItem.cpp;
			refType = 4;
			sourceTree = "<group>";
		};
		7F481CF90A58334800451B13 = {
			fileEncoding = 30;
			isa = PBXFileReference;
			lastKnownFileType = sourcecode.c.h;
			path = CPlayerSetupItem.h;
			refType = 4;
			sourceTree = "<group>";
		};
		7F481CFA0A58334800451B13 = {
			fileEncoding = 30;
			isa = PBXFileReference;
			lastKnownFileType = sourcecode.cpp.cpp;
			path = CPlayerSetupMenu.cpp;
			refType = 4;
			sourceTree = "<group>";
		};
		7F481CFB0A58334800451B13 = {
			fileEncoding = 30;
			isa = PBXFileReference;
			lastKnownFileType = sourcecode.c.h;
			path = CPlayerSetupMenu.h;
			refType = 4;
			sourceTree = "<group>";
		};
		7F481CFC0A58334800451B13 = {
			fileEncoding = 30;
			isa = PBXFileReference;
			lastKnownFileType = sourcecode.cpp.cpp;
			path = CPlayerSetupRow.cpp;
			refType = 4;
			sourceTree = "<group>";
		};
		7F481CFD0A58334800451B13 = {
			fileEncoding = 30;
			isa = PBXFileReference;
			lastKnownFileType = sourcecode.c.h;
			path = CPlayerSetupRow.h;
			refType = 4;
			sourceTree = "<group>";
		};
		7F481CFE0A58334800451B13 = {
			fileEncoding = 30;
			isa = PBXFileReference;
			lastKnownFileType = sourcecode.cpp.cpp;
			path = CScoreScreen.cpp;
			refType = 4;
			sourceTree = "<group>";
		};
		7F481CFF0A58334800451B13 = {
			fileEncoding = 30;
			isa = PBXFileReference;
			lastKnownFileType = sourcecode.c.h;
			path = CScoreScreen.h;
			refType = 4;
			sourceTree = "<group>";
		};
		7F481D000A58334800451B13 = {
			fileEncoding = 30;
			isa = PBXFileReference;
			lastKnownFileType = sourcecode.cpp.cpp;
			path = CToggleItem.cpp;
			refType = 4;
			sourceTree = "<group>";
		};
		7F481D010A58334800451B13 = {
			fileEncoding = 30;
			isa = PBXFileReference;
			lastKnownFileType = sourcecode.c.h;
			path = CToggleItem.h;
			refType = 4;
			sourceTree = "<group>";
		};
		7F481D020A58334800451B13 = {
			fileEncoding = 30;
			isa = PBXFileReference;
			lastKnownFileType = sourcecode.cpp.cpp;
			path = CValueItem.cpp;
			refType = 4;
			sourceTree = "<group>";
		};
		7F481D030A58334800451B13 = {
			fileEncoding = 30;
			isa = PBXFileReference;
			lastKnownFileType = sourcecode.c.h;
			path = CValueItem.h;
			refType = 4;
			sourceTree = "<group>";
		};
		7F481D040A58334800451B13 = {
			fileRef = 7F481CE60A58334700451B13;
			isa = PBXBuildFile;
			settings = {
			};
		};
		7F481D050A58334800451B13 = {
			fileRef = 7F481CE70A58334700451B13;
			isa = PBXBuildFile;
			settings = {
			};
		};
		7F481D060A58334800451B13 = {
			fileRef = 7F481CE80A58334700451B13;
			isa = PBXBuildFile;
			settings = {
			};
		};
		7F481D070A58334800451B13 = {
			fileRef = 7F481CE90A58334700451B13;
			isa = PBXBuildFile;
			settings = {
			};
		};
		7F481D080A58334800451B13 = {
			fileRef = 7F481CEA0A58334700451B13;
			isa = PBXBuildFile;
			settings = {
			};
		};
		7F481D090A58334800451B13 = {
			fileRef = 7F481CEB0A58334700451B13;
			isa = PBXBuildFile;
			settings = {
			};
		};
		7F481D0A0A58334800451B13 = {
			fileRef = 7F481CEC0A58334700451B13;
			isa = PBXBuildFile;
			settings = {
			};
		};
		7F481D0B0A58334800451B13 = {
			fileRef = 7F481CED0A58334700451B13;
			isa = PBXBuildFile;
			settings = {
			};
		};
		7F481D0C0A58334800451B13 = {
			fileRef = 7F481CEE0A58334800451B13;
			isa = PBXBuildFile;
			settings = {
			};
		};
		7F481D0D0A58334800451B13 = {
			fileRef = 7F481CEF0A58334800451B13;
			isa = PBXBuildFile;
			settings = {
			};
		};
		7F481D0E0A58334800451B13 = {
			fileRef = 7F481CF00A58334800451B13;
			isa = PBXBuildFile;
			settings = {
			};
		};
		7F481D0F0A58334800451B13 = {
			fileRef = 7F481CF10A58334800451B13;
			isa = PBXBuildFile;
			settings = {
			};
		};
		7F481D100A58334800451B13 = {
			fileRef = 7F481CF20A58334800451B13;
			isa = PBXBuildFile;
			settings = {
			};
		};
		7F481D110A58334800451B13 = {
			fileRef = 7F481CF30A58334800451B13;
			isa = PBXBuildFile;
			settings = {
			};
		};
		7F481D120A58334800451B13 = {
			fileRef = 7F481CF40A58334800451B13;
			isa = PBXBuildFile;
			settings = {
			};
		};
		7F481D130A58334800451B13 = {
			fileRef = 7F481CF50A58334800451B13;
			isa = PBXBuildFile;
			settings = {
			};
		};
		7F481D140A58334800451B13 = {
			fileRef = 7F481CF60A58334800451B13;
			isa = PBXBuildFile;
			settings = {
			};
		};
		7F481D150A58334800451B13 = {
			fileRef = 7F481CF70A58334800451B13;
			isa = PBXBuildFile;
			settings = {
			};
		};
		7F481D160A58334800451B13 = {
			fileRef = 7F481CF80A58334800451B13;
			isa = PBXBuildFile;
			settings = {
			};
		};
		7F481D170A58334800451B13 = {
			fileRef = 7F481CF90A58334800451B13;
			isa = PBXBuildFile;
			settings = {
			};
		};
		7F481D180A58334800451B13 = {
			fileRef = 7F481CFA0A58334800451B13;
			isa = PBXBuildFile;
			settings = {
			};
		};
		7F481D190A58334800451B13 = {
			fileRef = 7F481CFB0A58334800451B13;
			isa = PBXBuildFile;
			settings = {
			};
		};
		7F481D1A0A58334800451B13 = {
			fileRef = 7F481CFC0A58334800451B13;
			isa = PBXBuildFile;
			settings = {
			};
		};
		7F481D1B0A58334800451B13 = {
			fileRef = 7F481CFD0A58334800451B13;
			isa = PBXBuildFile;
			settings = {
			};
		};
		7F481D1C0A58334800451B13 = {
			fileRef = 7F481CFE0A58334800451B13;
			isa = PBXBuildFile;
			settings = {
			};
		};
		7F481D1D0A58334800451B13 = {
			fileRef = 7F481CFF0A58334800451B13;
			isa = PBXBuildFile;
			settings = {
			};
		};
		7F481D1E0A58334800451B13 = {
			fileRef = 7F481D000A58334800451B13;
			isa = PBXBuildFile;
			settings = {
			};
		};
		7F481D1F0A58334800451B13 = {
			fileRef = 7F481D010A58334800451B13;
			isa = PBXBuildFile;
			settings = {
			};
		};
		7F481D200A58334800451B13 = {
			fileRef = 7F481D020A58334800451B13;
			isa = PBXBuildFile;
			settings = {
			};
		};
		7F481D210A58334800451B13 = {
			fileRef = 7F481D030A58334800451B13;
			isa = PBXBuildFile;
			settings = {
			};
		};
		7F481D2B0A5834EB00451B13 = {
			children = (
				7F481D460A5835B500451B13,
				7F481D450A5835B500451B13,
				7F481D3C0A5835B500451B13,
				7F481D3B0A5835B500451B13,
				7F481D3E0A5835B500451B13,
				7F481D3D0A5835B500451B13,
				7F481D400A5835B500451B13,
				7F481D3F0A5835B500451B13,
				7F481D420A5835B500451B13,
				7F481D410A5835B500451B13,
				7F481D440A5835B500451B13,
				7F481D430A5835B500451B13,
				7F481D4D0A5835B500451B13,
				7F481D480A5835B500451B13,
				7F481D470A5835B500451B13,
				7F481E610AAC99CF00E48C1F,
				7F481E620AAC99CF00E48C1F,
				7F481D4A0A5835B500451B13,
				7F481D490A5835B500451B13,
				7FB4BABF0A85E85700096FE6,
				7FB4BAC00A85E85700096FE6,
				7F481D4C0A5835B500451B13,
				7F481D4B0A5835B500451B13,
			);
			isa = PBXGroup;
			path = Map;
			refType = 4;
			sourceTree = "<group>";
		};
		7F481D3B0A5835B500451B13 = {
			fileEncoding = 30;
			isa = PBXFileReference;
			lastKnownFileType = sourcecode.cpp.cpp;
			path = CField_Arrow.cpp;
			refType = 4;
			sourceTree = "<group>";
		};
		7F481D3C0A5835B500451B13 = {
			fileEncoding = 30;
			isa = PBXFileReference;
			lastKnownFileType = sourcecode.c.h;
			path = CField_Arrow.h;
			refType = 4;
			sourceTree = "<group>";
		};
		7F481D3D0A5835B500451B13 = {
			fileEncoding = 30;
			isa = PBXFileReference;
			lastKnownFileType = sourcecode.cpp.cpp;
			path = CField_Block.cpp;
			refType = 4;
			sourceTree = "<group>";
		};
		7F481D3E0A5835B500451B13 = {
			fileEncoding = 30;
			isa = PBXFileReference;
			lastKnownFileType = sourcecode.c.h;
			path = CField_Block.h;
			refType = 4;
			sourceTree = "<group>";
		};
		7F481D3F0A5835B500451B13 = {
			fileEncoding = 30;
			isa = PBXFileReference;
			lastKnownFileType = sourcecode.cpp.cpp;
			path = CField_Hole.cpp;
			refType = 4;
			sourceTree = "<group>";
		};
		7F481D400A5835B500451B13 = {
			fileEncoding = 30;
			isa = PBXFileReference;
			lastKnownFileType = sourcecode.c.h;
			path = CField_Hole.h;
			refType = 4;
			sourceTree = "<group>";
		};
		7F481D410A5835B500451B13 = {
			fileEncoding = 30;
			isa = PBXFileReference;
			lastKnownFileType = sourcecode.cpp.cpp;
			path = CField_Plain.cpp;
			refType = 4;
			sourceTree = "<group>";
		};
		7F481D420A5835B500451B13 = {
			fileEncoding = 30;
			isa = PBXFileReference;
			lastKnownFileType = sourcecode.c.h;
			path = CField_Plain.h;
			refType = 4;
			sourceTree = "<group>";
		};
		7F481D430A5835B500451B13 = {
			fileEncoding = 30;
			isa = PBXFileReference;
			lastKnownFileType = sourcecode.cpp.cpp;
			path = CField_Void.cpp;
			refType = 4;
			sourceTree = "<group>";
		};
		7F481D440A5835B500451B13 = {
			fileEncoding = 30;
			isa = PBXFileReference;
			lastKnownFileType = sourcecode.c.h;
			path = CField_Void.h;
			refType = 4;
			sourceTree = "<group>";
		};
		7F481D450A5835B500451B13 = {
			fileEncoding = 30;
			isa = PBXFileReference;
			lastKnownFileType = sourcecode.cpp.cpp;
			path = CField.cpp;
			refType = 4;
			sourceTree = "<group>";
		};
		7F481D460A5835B500451B13 = {
			fileEncoding = 30;
			isa = PBXFileReference;
			lastKnownFileType = sourcecode.c.h;
			path = CField.h;
			refType = 4;
			sourceTree = "<group>";
		};
		7F481D470A5835B500451B13 = {
			fileEncoding = 30;
			isa = PBXFileReference;
			lastKnownFileType = sourcecode.cpp.cpp;
			path = CMap.cpp;
			refType = 4;
			sourceTree = "<group>";
		};
		7F481D480A5835B500451B13 = {
			fileEncoding = 30;
			isa = PBXFileReference;
			lastKnownFileType = sourcecode.c.h;
			path = CMap.h;
			refType = 4;
			sourceTree = "<group>";
		};
		7F481D490A5835B500451B13 = {
			fileEncoding = 30;
			isa = PBXFileReference;
			lastKnownFileType = sourcecode.cpp.cpp;
			path = CMapManager.cpp;
			refType = 4;
			sourceTree = "<group>";
		};
		7F481D4A0A5835B500451B13 = {
			fileEncoding = 30;
			isa = PBXFileReference;
			lastKnownFileType = sourcecode.c.h;
			path = CMapManager.h;
			refType = 4;
			sourceTree = "<group>";
		};
		7F481D4B0A5835B500451B13 = {
			fileEncoding = 30;
			isa = PBXFileReference;
			lastKnownFileType = sourcecode.cpp.cpp;
			path = CShaker.cpp;
			refType = 4;
			sourceTree = "<group>";
		};
		7F481D4C0A5835B500451B13 = {
			fileEncoding = 30;
			isa = PBXFileReference;
			lastKnownFileType = sourcecode.c.h;
			path = CShaker.h;
			refType = 4;
			sourceTree = "<group>";
		};
		7F481D4D0A5835B500451B13 = {
			fileEncoding = 30;
			isa = PBXFileReference;
			lastKnownFileType = sourcecode.c.h;
			path = StMapEntry.h;
			refType = 4;
			sourceTree = "<group>";
		};
		7F481D4E0A5835B500451B13 = {
			fileRef = 7F481D3B0A5835B500451B13;
			isa = PBXBuildFile;
			settings = {
			};
		};
		7F481D4F0A5835B500451B13 = {
			fileRef = 7F481D3C0A5835B500451B13;
			isa = PBXBuildFile;
			settings = {
			};
		};
		7F481D500A5835B500451B13 = {
			fileRef = 7F481D3D0A5835B500451B13;
			isa = PBXBuildFile;
			settings = {
			};
		};
		7F481D510A5835B500451B13 = {
			fileRef = 7F481D3E0A5835B500451B13;
			isa = PBXBuildFile;
			settings = {
			};
		};
		7F481D520A5835B500451B13 = {
			fileRef = 7F481D3F0A5835B500451B13;
			isa = PBXBuildFile;
			settings = {
			};
		};
		7F481D530A5835B500451B13 = {
			fileRef = 7F481D400A5835B500451B13;
			isa = PBXBuildFile;
			settings = {
			};
		};
		7F481D540A5835B500451B13 = {
			fileRef = 7F481D410A5835B500451B13;
			isa = PBXBuildFile;
			settings = {
			};
		};
		7F481D550A5835B500451B13 = {
			fileRef = 7F481D420A5835B500451B13;
			isa = PBXBuildFile;
			settings = {
			};
		};
		7F481D560A5835B500451B13 = {
			fileRef = 7F481D430A5835B500451B13;
			isa = PBXBuildFile;
			settings = {
			};
		};
		7F481D570A5835B500451B13 = {
			fileRef = 7F481D440A5835B500451B13;
			isa = PBXBuildFile;
			settings = {
			};
		};
		7F481D580A5835B500451B13 = {
			fileRef = 7F481D450A5835B500451B13;
			isa = PBXBuildFile;
			settings = {
			};
		};
		7F481D590A5835B500451B13 = {
			fileRef = 7F481D460A5835B500451B13;
			isa = PBXBuildFile;
			settings = {
			};
		};
		7F481D5A0A5835B500451B13 = {
			fileRef = 7F481D470A5835B500451B13;
			isa = PBXBuildFile;
			settings = {
			};
		};
		7F481D5B0A5835B500451B13 = {
			fileRef = 7F481D480A5835B500451B13;
			isa = PBXBuildFile;
			settings = {
			};
		};
		7F481D5C0A5835B500451B13 = {
			fileRef = 7F481D490A5835B500451B13;
			isa = PBXBuildFile;
			settings = {
			};
		};
		7F481D5D0A5835B500451B13 = {
			fileRef = 7F481D4A0A5835B500451B13;
			isa = PBXBuildFile;
			settings = {
			};
		};
		7F481D5E0A5835B500451B13 = {
			fileRef = 7F481D4B0A5835B500451B13;
			isa = PBXBuildFile;
			settings = {
			};
		};
		7F481D5F0A5835B500451B13 = {
			fileRef = 7F481D4C0A5835B500451B13;
			isa = PBXBuildFile;
			settings = {
			};
		};
		7F481D600A5835B500451B13 = {
			fileRef = 7F481D4D0A5835B500451B13;
			isa = PBXBuildFile;
			settings = {
			};
		};
		7F481D6C0A58374E00451B13 = {
			fileEncoding = 30;
			isa = PBXFileReference;
			lastKnownFileType = sourcecode.cpp.cpp;
			path = CExplosion.cpp;
			refType = 4;
			sourceTree = "<group>";
		};
		7F481D6D0A58374E00451B13 = {
			fileEncoding = 30;
			isa = PBXFileReference;
			lastKnownFileType = sourcecode.c.h;
			path = CExplosion.h;
			refType = 4;
			sourceTree = "<group>";
		};
		7F481D700A58374E00451B13 = {
			fileRef = 7F481D6C0A58374E00451B13;
			isa = PBXBuildFile;
			settings = {
			};
		};
		7F481D710A58374E00451B13 = {
			fileRef = 7F481D6D0A58374E00451B13;
			isa = PBXBuildFile;
			settings = {
			};
		};
		7F481D740A583AE300451B13 = {
			children = (
				7F481DA90A583B1A00451B13,
				7F481DA80A583B1A00451B13,
				7F481DA70A583B1A00451B13,
				7F481DA60A583B1A00451B13,
				7F481DAB0A583B1A00451B13,
				7F481DAA0A583B1A00451B13,
				7F481DAD0A583B1A00451B13,
				7F481DAC0A583B1A00451B13,
				7F4477640A5FA197002C4854,
				7F481D8D0A583B1A00451B13,
				7F481D8C0A583B1A00451B13,
				7F481D8F0A583B1A00451B13,
				7F481D8E0A583B1A00451B13,
				7F481D910A583B1A00451B13,
				7F481D900A583B1A00451B13,
				7F481DAF0A583B1B00451B13,
				7F481DAE0A583B1B00451B13,
				7F7D2B6A0ADFA04500E50B46,
				7F7D2B6B0ADFA04500E50B46,
			);
			isa = PBXGroup;
			path = Objects;
			refType = 4;
			sourceTree = "<group>";
		};
		7F481D8C0A583B1A00451B13 = {
			fileEncoding = 30;
			isa = PBXFileReference;
			lastKnownFileType = sourcecode.cpp.cpp;
			path = CBomb.cpp;
			refType = 4;
			sourceTree = "<group>";
		};
		7F481D8D0A583B1A00451B13 = {
			fileEncoding = 30;
			isa = PBXFileReference;
			lastKnownFileType = sourcecode.c.h;
			path = CBomb.h;
			refType = 4;
			sourceTree = "<group>";
		};
		7F481D8E0A583B1A00451B13 = {
			fileEncoding = 30;
			isa = PBXFileReference;
			lastKnownFileType = sourcecode.cpp.cpp;
			path = CBombThrower.cpp;
			refType = 4;
			sourceTree = "<group>";
		};
		7F481D8F0A583B1A00451B13 = {
			fileEncoding = 30;
			isa = PBXFileReference;
			lastKnownFileType = sourcecode.c.h;
			path = CBombThrower.h;
			refType = 4;
			sourceTree = "<group>";
		};
		7F481D900A583B1A00451B13 = {
			fileEncoding = 30;
			isa = PBXFileReference;
			lastKnownFileType = sourcecode.cpp.cpp;
			path = CCrate.cpp;
			refType = 4;
			sourceTree = "<group>";
		};
		7F481D910A583B1A00451B13 = {
			fileEncoding = 30;
			isa = PBXFileReference;
			lastKnownFileType = sourcecode.c.h;
			path = CCrate.h;
			refType = 4;
			sourceTree = "<group>";
		};
		7F481D920A583B1A00451B13 = {
			fileEncoding = 30;
			isa = PBXFileReference;
			lastKnownFileType = sourcecode.cpp.cpp;
			path = CItem_BombUp.cpp;
			refType = 4;
			sourceTree = "<group>";
		};
		7F481D930A583B1A00451B13 = {
			fileEncoding = 30;
			isa = PBXFileReference;
			lastKnownFileType = sourcecode.c.h;
			path = CItem_BombUp.h;
			refType = 4;
			sourceTree = "<group>";
		};
		7F481D940A583B1A00451B13 = {
			fileEncoding = 30;
			isa = PBXFileReference;
			lastKnownFileType = sourcecode.cpp.cpp;
			path = CItem_Cocaine.cpp;
			refType = 4;
			sourceTree = "<group>";
		};
		7F481D950A583B1A00451B13 = {
			fileEncoding = 30;
			isa = PBXFileReference;
			lastKnownFileType = sourcecode.c.h;
			path = CItem_Cocaine.h;
			refType = 4;
			sourceTree = "<group>";
		};
		7F481D960A583B1A00451B13 = {
			fileEncoding = 30;
			isa = PBXFileReference;
			lastKnownFileType = sourcecode.cpp.cpp;
			path = CItem_EnableKick.cpp;
			refType = 4;
			sourceTree = "<group>";
		};
		7F481D970A583B1A00451B13 = {
			fileEncoding = 30;
			isa = PBXFileReference;
			lastKnownFileType = sourcecode.c.h;
			path = CItem_EnableKick.h;
			refType = 4;
			sourceTree = "<group>";
		};
		7F481D980A583B1A00451B13 = {
			fileEncoding = 30;
			isa = PBXFileReference;
			lastKnownFileType = sourcecode.cpp.cpp;
			path = CItem_Joint.cpp;
			refType = 4;
			sourceTree = "<group>";
		};
		7F481D990A583B1A00451B13 = {
			fileEncoding = 30;
			isa = PBXFileReference;
			lastKnownFileType = sourcecode.c.h;
			path = CItem_Joint.h;
			refType = 4;
			sourceTree = "<group>";
		};
		7F481D9A0A583B1A00451B13 = {
			fileEncoding = 30;
			isa = PBXFileReference;
			lastKnownFileType = sourcecode.cpp.cpp;
			path = CItem_PowerUp.cpp;
			refType = 4;
			sourceTree = "<group>";
		};
		7F481D9B0A583B1A00451B13 = {
			fileEncoding = 30;
			isa = PBXFileReference;
			lastKnownFileType = sourcecode.c.h;
			path = CItem_PowerUp.h;
			refType = 4;
			sourceTree = "<group>";
		};
		7F481D9C0A583B1A00451B13 = {
			fileEncoding = 30;
			isa = PBXFileReference;
			lastKnownFileType = sourcecode.cpp.cpp;
			path = CItem_SpeedUp.cpp;
			refType = 4;
			sourceTree = "<group>";
		};
		7F481D9D0A583B1A00451B13 = {
			fileEncoding = 30;
			isa = PBXFileReference;
			lastKnownFileType = sourcecode.c.h;
			path = CItem_SpeedUp.h;
			refType = 4;
			sourceTree = "<group>";
		};
		7F481D9E0A583B1A00451B13 = {
			fileEncoding = 30;
			isa = PBXFileReference;
			lastKnownFileType = sourcecode.cpp.cpp;
			path = CItem_Viagra.cpp;
			refType = 4;
			sourceTree = "<group>";
		};
		7F481D9F0A583B1A00451B13 = {
			fileEncoding = 30;
			isa = PBXFileReference;
			lastKnownFileType = sourcecode.c.h;
			path = CItem_Viagra.h;
			refType = 4;
			sourceTree = "<group>";
		};
		7F481DA00A583B1A00451B13 = {
			fileEncoding = 30;
			isa = PBXFileReference;
			lastKnownFileType = sourcecode.cpp.cpp;
			path = CItem.cpp;
			refType = 4;
			sourceTree = "<group>";
		};
		7F481DA10A583B1A00451B13 = {
			fileEncoding = 30;
			isa = PBXFileReference;
			lastKnownFileType = sourcecode.c.h;
			path = CItem.h;
			refType = 4;
			sourceTree = "<group>";
		};
		7F481DA20A583B1A00451B13 = {
			fileEncoding = 30;
			isa = PBXFileReference;
			lastKnownFileType = sourcecode.cpp.cpp;
			path = CItemManager.cpp;
			refType = 4;
			sourceTree = "<group>";
		};
		7F481DA30A583B1A00451B13 = {
			fileEncoding = 30;
			isa = PBXFileReference;
			lastKnownFileType = sourcecode.c.h;
			path = CItemManager.h;
			refType = 4;
			sourceTree = "<group>";
		};
		7F481DA40A583B1A00451B13 = {
			fileEncoding = 30;
			isa = PBXFileReference;
			lastKnownFileType = sourcecode.cpp.cpp;
			path = CItemThrower.cpp;
			refType = 4;
			sourceTree = "<group>";
		};
		7F481DA50A583B1A00451B13 = {
			fileEncoding = 30;
			isa = PBXFileReference;
			lastKnownFileType = sourcecode.c.h;
			path = CItemThrower.h;
			refType = 4;
			sourceTree = "<group>";
		};
		7F481DA60A583B1A00451B13 = {
			fileEncoding = 30;
			isa = PBXFileReference;
			lastKnownFileType = sourcecode.cpp.cpp;
			path = CObject_Moving.cpp;
			refType = 4;
			sourceTree = "<group>";
		};
		7F481DA70A583B1A00451B13 = {
			fileEncoding = 30;
			isa = PBXFileReference;
			lastKnownFileType = sourcecode.c.h;
			path = CObject_Moving.h;
			refType = 4;
			sourceTree = "<group>";
		};
		7F481DA80A583B1A00451B13 = {
			fileEncoding = 30;
			isa = PBXFileReference;
			lastKnownFileType = sourcecode.cpp.cpp;
			path = CObject.cpp;
			refType = 4;
			sourceTree = "<group>";
		};
		7F481DA90A583B1A00451B13 = {
			fileEncoding = 30;
			isa = PBXFileReference;
			lastKnownFileType = sourcecode.c.h;
			path = CObject.h;
			refType = 4;
			sourceTree = "<group>";
		};
		7F481DAA0A583B1A00451B13 = {
			fileEncoding = 30;
			isa = PBXFileReference;
			lastKnownFileType = sourcecode.cpp.cpp;
			path = CObjectThrower.cpp;
			refType = 4;
			sourceTree = "<group>";
		};
		7F481DAB0A583B1A00451B13 = {
			fileEncoding = 30;
			isa = PBXFileReference;
			lastKnownFileType = sourcecode.c.h;
			path = CObjectThrower.h;
			refType = 4;
			sourceTree = "<group>";
		};
		7F481DAC0A583B1A00451B13 = {
			fileEncoding = 30;
			isa = PBXFileReference;
			lastKnownFileType = sourcecode.cpp.cpp;
			path = CObjectThrowerManager.cpp;
			refType = 4;
			sourceTree = "<group>";
		};
		7F481DAD0A583B1A00451B13 = {
			fileEncoding = 30;
			isa = PBXFileReference;
			lastKnownFileType = sourcecode.c.h;
			path = CObjectThrowerManager.h;
			refType = 4;
			sourceTree = "<group>";
		};
		7F481DAE0A583B1B00451B13 = {
			fileEncoding = 30;
			isa = PBXFileReference;
			lastKnownFileType = sourcecode.cpp.cpp;
			path = CPlayer.cpp;
			refType = 4;
			sourceTree = "<group>";
		};
		7F481DAF0A583B1B00451B13 = {
			fileEncoding = 30;
			isa = PBXFileReference;
			lastKnownFileType = sourcecode.c.h;
			path = CPlayer.h;
			refType = 4;
			sourceTree = "<group>";
		};
		7F481DB00A583B1B00451B13 = {
			fileRef = 7F481D8C0A583B1A00451B13;
			isa = PBXBuildFile;
			settings = {
			};
		};
		7F481DB10A583B1B00451B13 = {
			fileRef = 7F481D8D0A583B1A00451B13;
			isa = PBXBuildFile;
			settings = {
			};
		};
		7F481DB20A583B1B00451B13 = {
			fileRef = 7F481D8E0A583B1A00451B13;
			isa = PBXBuildFile;
			settings = {
			};
		};
		7F481DB30A583B1B00451B13 = {
			fileRef = 7F481D8F0A583B1A00451B13;
			isa = PBXBuildFile;
			settings = {
			};
		};
		7F481DB40A583B1B00451B13 = {
			fileRef = 7F481D900A583B1A00451B13;
			isa = PBXBuildFile;
			settings = {
			};
		};
		7F481DB50A583B1B00451B13 = {
			fileRef = 7F481D910A583B1A00451B13;
			isa = PBXBuildFile;
			settings = {
			};
		};
		7F481DB60A583B1B00451B13 = {
			fileRef = 7F481D920A583B1A00451B13;
			isa = PBXBuildFile;
			settings = {
			};
		};
		7F481DB70A583B1B00451B13 = {
			fileRef = 7F481D930A583B1A00451B13;
			isa = PBXBuildFile;
			settings = {
			};
		};
		7F481DB80A583B1B00451B13 = {
			fileRef = 7F481D940A583B1A00451B13;
			isa = PBXBuildFile;
			settings = {
			};
		};
		7F481DB90A583B1B00451B13 = {
			fileRef = 7F481D950A583B1A00451B13;
			isa = PBXBuildFile;
			settings = {
			};
		};
		7F481DBA0A583B1B00451B13 = {
			fileRef = 7F481D960A583B1A00451B13;
			isa = PBXBuildFile;
			settings = {
			};
		};
		7F481DBB0A583B1B00451B13 = {
			fileRef = 7F481D970A583B1A00451B13;
			isa = PBXBuildFile;
			settings = {
			};
		};
		7F481DBC0A583B1B00451B13 = {
			fileRef = 7F481D980A583B1A00451B13;
			isa = PBXBuildFile;
			settings = {
			};
		};
		7F481DBD0A583B1B00451B13 = {
			fileRef = 7F481D990A583B1A00451B13;
			isa = PBXBuildFile;
			settings = {
			};
		};
		7F481DBE0A583B1B00451B13 = {
			fileRef = 7F481D9A0A583B1A00451B13;
			isa = PBXBuildFile;
			settings = {
			};
		};
		7F481DBF0A583B1B00451B13 = {
			fileRef = 7F481D9B0A583B1A00451B13;
			isa = PBXBuildFile;
			settings = {
			};
		};
		7F481DC00A583B1B00451B13 = {
			fileRef = 7F481D9C0A583B1A00451B13;
			isa = PBXBuildFile;
			settings = {
			};
		};
		7F481DC10A583B1B00451B13 = {
			fileRef = 7F481D9D0A583B1A00451B13;
			isa = PBXBuildFile;
			settings = {
			};
		};
		7F481DC20A583B1B00451B13 = {
			fileRef = 7F481D9E0A583B1A00451B13;
			isa = PBXBuildFile;
			settings = {
			};
		};
		7F481DC30A583B1B00451B13 = {
			fileRef = 7F481D9F0A583B1A00451B13;
			isa = PBXBuildFile;
			settings = {
			};
		};
		7F481DC40A583B1B00451B13 = {
			fileRef = 7F481DA00A583B1A00451B13;
			isa = PBXBuildFile;
			settings = {
			};
		};
		7F481DC50A583B1B00451B13 = {
			fileRef = 7F481DA10A583B1A00451B13;
			isa = PBXBuildFile;
			settings = {
			};
		};
		7F481DC60A583B1B00451B13 = {
			fileRef = 7F481DA20A583B1A00451B13;
			isa = PBXBuildFile;
			settings = {
			};
		};
		7F481DC70A583B1B00451B13 = {
			fileRef = 7F481DA30A583B1A00451B13;
			isa = PBXBuildFile;
			settings = {
			};
		};
		7F481DC80A583B1B00451B13 = {
			fileRef = 7F481DA40A583B1A00451B13;
			isa = PBXBuildFile;
			settings = {
			};
		};
		7F481DC90A583B1B00451B13 = {
			fileRef = 7F481DA50A583B1A00451B13;
			isa = PBXBuildFile;
			settings = {
			};
		};
		7F481DCA0A583B1B00451B13 = {
			fileRef = 7F481DA60A583B1A00451B13;
			isa = PBXBuildFile;
			settings = {
			};
		};
		7F481DCB0A583B1B00451B13 = {
			fileRef = 7F481DA70A583B1A00451B13;
			isa = PBXBuildFile;
			settings = {
			};
		};
		7F481DCC0A583B1B00451B13 = {
			fileRef = 7F481DA80A583B1A00451B13;
			isa = PBXBuildFile;
			settings = {
			};
		};
		7F481DCD0A583B1B00451B13 = {
			fileRef = 7F481DA90A583B1A00451B13;
			isa = PBXBuildFile;
			settings = {
			};
		};
		7F481DCE0A583B1B00451B13 = {
			fileRef = 7F481DAA0A583B1A00451B13;
			isa = PBXBuildFile;
			settings = {
			};
		};
		7F481DCF0A583B1B00451B13 = {
			fileRef = 7F481DAB0A583B1A00451B13;
			isa = PBXBuildFile;
			settings = {
			};
		};
		7F481DD00A583B1B00451B13 = {
			fileRef = 7F481DAC0A583B1A00451B13;
			isa = PBXBuildFile;
			settings = {
			};
		};
		7F481DD10A583B1B00451B13 = {
			fileRef = 7F481DAD0A583B1A00451B13;
			isa = PBXBuildFile;
			settings = {
			};
		};
		7F481DD20A583B1B00451B13 = {
			fileRef = 7F481DAE0A583B1B00451B13;
			isa = PBXBuildFile;
			settings = {
			};
		};
		7F481DD30A583B1B00451B13 = {
			fileRef = 7F481DAF0A583B1B00451B13;
			isa = PBXBuildFile;
			settings = {
			};
		};
		7F481E610AAC99CF00E48C1F = {
			fileEncoding = 4;
			isa = PBXFileReference;
			lastKnownFileType = sourcecode.c.h;
			path = CMapDestroyer.h;
			refType = 4;
			sourceTree = "<group>";
		};
		7F481E620AAC99CF00E48C1F = {
			fileEncoding = 4;
			isa = PBXFileReference;
			lastKnownFileType = sourcecode.cpp.cpp;
			path = CMapDestroyer.cpp;
			refType = 4;
			sourceTree = "<group>";
		};
		7F481E630AAC99CF00E48C1F = {
			fileRef = 7F481E610AAC99CF00E48C1F;
			isa = PBXBuildFile;
			settings = {
			};
		};
		7F481E640AAC99CF00E48C1F = {
			fileRef = 7F481E620AAC99CF00E48C1F;
			isa = PBXBuildFile;
			settings = {
			};
		};
		7F482AB80A5E40F300451B13 = {
			fileEncoding = 4;
			isa = PBXFileReference;
			lastKnownFileType = sourcecode.c.h;
			path = CWobbler.h;
			refType = 4;
			sourceTree = "<group>";
		};
		7F482AB90A5E40F300451B13 = {
			fileEncoding = 4;
			isa = PBXFileReference;
			lastKnownFileType = sourcecode.cpp.cpp;
			path = CWobbler.cpp;
			refType = 4;
			sourceTree = "<group>";
		};
		7F482ABA0A5E40F300451B13 = {
			fileRef = 7F482AB80A5E40F300451B13;
			isa = PBXBuildFile;
			settings = {
			};
		};
		7F482ABB0A5E40F300451B13 = {
			fileRef = 7F482AB90A5E40F300451B13;
			isa = PBXBuildFile;
			settings = {
			};
		};
		7F594F050ABA931E001BAAC1 = {
			fileEncoding = 4;
			isa = PBXFileReference;
			lastKnownFileType = sourcecode.c.h;
			path = CGame_Standard.h;
			refType = 4;
			sourceTree = "<group>";
		};
		7F594F060ABA931E001BAAC1 = {
			fileEncoding = 4;
			isa = PBXFileReference;
			lastKnownFileType = sourcecode.cpp.cpp;
			path = CGame_Standard.cpp;
			refType = 4;
			sourceTree = "<group>";
		};
		7F594F070ABA931E001BAAC1 = {
			fileRef = 7F594F050ABA931E001BAAC1;
			isa = PBXBuildFile;
			settings = {
			};
		};
		7F594F080ABA931E001BAAC1 = {
			fileRef = 7F594F060ABA931E001BAAC1;
			isa = PBXBuildFile;
			settings = {
			};
		};
		7F5950050ABAC61A001BAAC1 = {
			fileEncoding = 4;
			isa = PBXFileReference;
			lastKnownFileType = sourcecode.c.h;
			path = CGame_MapDestruction.h;
			refType = 4;
			sourceTree = "<group>";
		};
		7F5950060ABAC61A001BAAC1 = {
			fileEncoding = 4;
			isa = PBXFileReference;
			lastKnownFileType = sourcecode.cpp.cpp;
			path = CGame_MapDestruction.cpp;
			refType = 4;
			sourceTree = "<group>";
		};
		7F5950070ABAC61A001BAAC1 = {
			fileRef = 7F5950050ABAC61A001BAAC1;
			isa = PBXBuildFile;
			settings = {
			};
		};
		7F5950080ABAC61A001BAAC1 = {
			fileRef = 7F5950060ABAC61A001BAAC1;
			isa = PBXBuildFile;
			settings = {
			};
		};
		7F68A0DB0A850CC100294EEA = {
			isa = PBXFileReference;
			lastKnownFileType = wrapper.framework;
			name = CoreFoundation.framework;
			path = /System/Library/Frameworks/CoreFoundation.framework;
			refType = 0;
			sourceTree = "<absolute>";
		};
		7F68A0DC0A850CC100294EEA = {
			fileRef = 7F68A0DB0A850CC100294EEA;
			isa = PBXBuildFile;
			settings = {
			};
		};
		7F6AD3770A8CE8A700B905ED = {
			fileEncoding = 4;
			isa = PBXFileReference;
			lastKnownFileType = sourcecode.c.h;
			path = CController_Joystick.h;
			refType = 4;
			sourceTree = "<group>";
		};
		7F6AD3780A8CE8A700B905ED = {
			fileEncoding = 4;
			isa = PBXFileReference;
			lastKnownFileType = sourcecode.cpp.cpp;
			path = CController_Joystick.cpp;
			refType = 4;
			sourceTree = "<group>";
		};
		7F6AD3790A8CE8A700B905ED = {
			fileRef = 7F6AD3770A8CE8A700B905ED;
			isa = PBXBuildFile;
			settings = {
			};
		};
		7F6AD37A0A8CE8A700B905ED = {
			fileRef = 7F6AD3780A8CE8A700B905ED;
			isa = PBXBuildFile;
			settings = {
			};
		};
		7F77128E0AF3632200F6BBAF = {
			isa = PBXFileReference;
			lastKnownFileType = folder;
			path = Meshes;
			refType = 4;
			sourceTree = "<group>";
		};
		7F7712C10AF3632200F6BBAF = {
			fileRef = 7F77128E0AF3632200F6BBAF;
			isa = PBXBuildFile;
			settings = {
			};
		};
		7F7712F70AF36EE100F6BBAF = {
			children = (
				7F7713010AF36EE100F6BBAF,
				7F7713000AF36EE100F6BBAF,
				7F7712F90AF36EE100F6BBAF,
				7F7712F80AF36EE100F6BBAF,
				7F7712FB0AF36EE100F6BBAF,
				7F7712FA0AF36EE100F6BBAF,
				7F7712FD0AF36EE100F6BBAF,
				7F7712FC0AF36EE100F6BBAF,
				7F7712FF0AF36EE100F6BBAF,
				7F7712FE0AF36EE100F6BBAF,
				7F7713030AF36EE100F6BBAF,
				7F7713020AF36EE100F6BBAF,
				7F7716FC0AF3FBBF00F6BBAF,
				7F7716FD0AF3FBBF00F6BBAF,
				7F7713050AF36EE100F6BBAF,
				7F7713040AF36EE100F6BBAF,
			);
			isa = PBXGroup;
			path = MeshObjects;
			refType = 2;
			sourceTree = SOURCE_ROOT;
		};
		7F7712F80AF36EE100F6BBAF = {
			fileEncoding = 30;
			isa = PBXFileReference;
			lastKnownFileType = sourcecode.cpp.cpp;
			path = CBlockMesh.cpp;
			refType = 4;
			sourceTree = "<group>";
		};
		7F7712F90AF36EE100F6BBAF = {
			fileEncoding = 30;
			isa = PBXFileReference;
			lastKnownFileType = sourcecode.c.h;
			path = CBlockMesh.h;
			refType = 4;
			sourceTree = "<group>";
		};
		7F7712FA0AF36EE100F6BBAF = {
			fileEncoding = 30;
			isa = PBXFileReference;
			lastKnownFileType = sourcecode.cpp.cpp;
			path = CBombMesh.cpp;
			refType = 4;
			sourceTree = "<group>";
		};
		7F7712FB0AF36EE100F6BBAF = {
			fileEncoding = 30;
			isa = PBXFileReference;
			lastKnownFileType = sourcecode.c.h;
			path = CBombMesh.h;
			refType = 4;
			sourceTree = "<group>";
		};
		7F7712FC0AF36EE100F6BBAF = {
			fileEncoding = 30;
			isa = PBXFileReference;
			lastKnownFileType = sourcecode.cpp.cpp;
			path = CCrateMesh.cpp;
			refType = 4;
			sourceTree = "<group>";
		};
		7F7712FD0AF36EE100F6BBAF = {
			fileEncoding = 30;
			isa = PBXFileReference;
			lastKnownFileType = sourcecode.c.h;
			path = CCrateMesh.h;
			refType = 4;
			sourceTree = "<group>";
		};
		7F7712FE0AF36EE100F6BBAF = {
			fileEncoding = 30;
			isa = PBXFileReference;
			lastKnownFileType = sourcecode.cpp.cpp;
			path = CItemMesh.cpp;
			refType = 4;
			sourceTree = "<group>";
		};
		7F7712FF0AF36EE100F6BBAF = {
			fileEncoding = 30;
			isa = PBXFileReference;
			lastKnownFileType = sourcecode.c.h;
			path = CItemMesh.h;
			refType = 4;
			sourceTree = "<group>";
		};
		7F7713000AF36EE100F6BBAF = {
			fileEncoding = 30;
			isa = PBXFileReference;
			lastKnownFileType = sourcecode.cpp.cpp;
			path = CMesh.cpp;
			refType = 4;
			sourceTree = "<group>";
		};
		7F7713010AF36EE100F6BBAF = {
			fileEncoding = 30;
			isa = PBXFileReference;
			lastKnownFileType = sourcecode.c.h;
			path = CMesh.h;
			refType = 4;
			sourceTree = "<group>";
		};
		7F7713020AF36EE100F6BBAF = {
			fileEncoding = 30;
			isa = PBXFileReference;
			lastKnownFileType = sourcecode.cpp.cpp;
			path = CPlayerMesh.cpp;
			refType = 4;
			sourceTree = "<group>";
		};
		7F7713030AF36EE100F6BBAF = {
			fileEncoding = 30;
			isa = PBXFileReference;
			lastKnownFileType = sourcecode.c.h;
			path = CPlayerMesh.h;
			refType = 4;
			sourceTree = "<group>";
		};
		7F7713040AF36EE100F6BBAF = {
			fileEncoding = 30;
			isa = PBXFileReference;
			lastKnownFileType = sourcecode.cpp.cpp;
			path = CSquareMesh.cpp;
			refType = 4;
			sourceTree = "<group>";
		};
		7F7713050AF36EE100F6BBAF = {
			fileEncoding = 30;
			isa = PBXFileReference;
			lastKnownFileType = sourcecode.c.h;
			path = CSquareMesh.h;
			refType = 4;
			sourceTree = "<group>";
		};
		7F7713060AF36EE100F6BBAF = {
			fileRef = 7F7712F80AF36EE100F6BBAF;
			isa = PBXBuildFile;
			settings = {
			};
		};
		7F7713070AF36EE100F6BBAF = {
			fileRef = 7F7712F90AF36EE100F6BBAF;
			isa = PBXBuildFile;
			settings = {
			};
		};
		7F7713080AF36EE100F6BBAF = {
			fileRef = 7F7712FA0AF36EE100F6BBAF;
			isa = PBXBuildFile;
			settings = {
			};
		};
		7F7713090AF36EE100F6BBAF = {
			fileRef = 7F7712FB0AF36EE100F6BBAF;
			isa = PBXBuildFile;
			settings = {
			};
		};
		7F77130A0AF36EE100F6BBAF = {
			fileRef = 7F7712FC0AF36EE100F6BBAF;
			isa = PBXBuildFile;
			settings = {
			};
		};
		7F77130B0AF36EE100F6BBAF = {
			fileRef = 7F7712FD0AF36EE100F6BBAF;
			isa = PBXBuildFile;
			settings = {
			};
		};
		7F77130C0AF36EE100F6BBAF = {
			fileRef = 7F7712FE0AF36EE100F6BBAF;
			isa = PBXBuildFile;
			settings = {
			};
		};
		7F77130D0AF36EE100F6BBAF = {
			fileRef = 7F7712FF0AF36EE100F6BBAF;
			isa = PBXBuildFile;
			settings = {
			};
		};
		7F77130E0AF36EE100F6BBAF = {
			fileRef = 7F7713000AF36EE100F6BBAF;
			isa = PBXBuildFile;
			settings = {
			};
		};
		7F77130F0AF36EE100F6BBAF = {
			fileRef = 7F7713010AF36EE100F6BBAF;
			isa = PBXBuildFile;
			settings = {
			};
		};
		7F7713100AF36EE100F6BBAF = {
			fileRef = 7F7713020AF36EE100F6BBAF;
			isa = PBXBuildFile;
			settings = {
			};
		};
		7F7713110AF36EE100F6BBAF = {
			fileRef = 7F7713030AF36EE100F6BBAF;
			isa = PBXBuildFile;
			settings = {
			};
		};
		7F7713120AF36EE100F6BBAF = {
			fileRef = 7F7713040AF36EE100F6BBAF;
			isa = PBXBuildFile;
			settings = {
			};
		};
		7F7713130AF36EE100F6BBAF = {
			fileRef = 7F7713050AF36EE100F6BBAF;
			isa = PBXBuildFile;
			settings = {
			};
		};
		7F7716FC0AF3FBBF00F6BBAF = {
			fileEncoding = 4;
			isa = PBXFileReference;
			lastKnownFileType = sourcecode.c.h;
			path = CCupMesh.h;
			refType = 4;
			sourceTree = "<group>";
		};
		7F7716FD0AF3FBBF00F6BBAF = {
			fileEncoding = 4;
			isa = PBXFileReference;
			lastKnownFileType = sourcecode.cpp.cpp;
			path = CCupMesh.cpp;
			refType = 4;
			sourceTree = "<group>";
		};
		7F7716FE0AF3FBBF00F6BBAF = {
			fileRef = 7F7716FC0AF3FBBF00F6BBAF;
			isa = PBXBuildFile;
			settings = {
			};
		};
		7F7716FF0AF3FBBF00F6BBAF = {
			fileRef = 7F7716FD0AF3FBBF00F6BBAF;
			isa = PBXBuildFile;
			settings = {
			};
		};
		7F7D2B6A0ADFA04500E50B46 = {
			fileEncoding = 4;
			isa = PBXFileReference;
			lastKnownFileType = sourcecode.c.h;
			path = CWiley.h;
			refType = 4;
			sourceTree = "<group>";
		};
		7F7D2B6B0ADFA04500E50B46 = {
			fileEncoding = 4;
			isa = PBXFileReference;
			lastKnownFileType = sourcecode.cpp.cpp;
			path = CWiley.cpp;
			refType = 4;
			sourceTree = "<group>";
		};
		7F7D2B6C0ADFA04500E50B46 = {
			fileRef = 7F7D2B6A0ADFA04500E50B46;
			isa = PBXBuildFile;
			settings = {
			};
		};
		7F7D2B6D0ADFA04500E50B46 = {
			fileRef = 7F7D2B6B0ADFA04500E50B46;
			isa = PBXBuildFile;
			settings = {
			};
		};
		7F8224C60AE8D8D100FCCBEE = {
			fileEncoding = 4;
			isa = PBXFileReference;
			lastKnownFileType = sourcecode.c.h;
			path = CClock.h;
			refType = 4;
			sourceTree = "<group>";
		};
		7F8224C70AE8D8D100FCCBEE = {
			fileEncoding = 4;
			isa = PBXFileReference;
			lastKnownFileType = sourcecode.cpp.cpp;
			path = CClock.cpp;
			refType = 4;
			sourceTree = "<group>";
		};
		7F8224C80AE8D8D100FCCBEE = {
			fileRef = 7F8224C60AE8D8D100FCCBEE;
			isa = PBXBuildFile;
			settings = {
			};
		};
		7F8224C90AE8D8D100FCCBEE = {
			fileRef = 7F8224C70AE8D8D100FCCBEE;
			isa = PBXBuildFile;
			settings = {
			};
		};
		7F83BC340A9B2A0700AC2867 = {
			fileEncoding = 4;
			isa = PBXFileReference;
			lastKnownFileType = sourcecode.c.h;
			path = CLabelItem.h;
			refType = 4;
			sourceTree = "<group>";
		};
		7F83BC350A9B2A0700AC2867 = {
			fileEncoding = 4;
			isa = PBXFileReference;
			lastKnownFileType = sourcecode.cpp.cpp;
			path = CLabelItem.cpp;
			refType = 4;
			sourceTree = "<group>";
		};
		7F83BC360A9B2A0700AC2867 = {
			fileRef = 7F83BC340A9B2A0700AC2867;
			isa = PBXBuildFile;
			settings = {
			};
		};
		7F83BC370A9B2A0700AC2867 = {
			fileRef = 7F83BC350A9B2A0700AC2867;
			isa = PBXBuildFile;
			settings = {
			};
		};
		7F84DB360AD677C000B75BFC = {
			fileRef = 7FA3E9DE0ACFAE0600BD4684;
			isa = PBXBuildFile;
			settings = {
			};
		};
		7F84DB370AD677C000B75BFC = {
			fileRef = 7F8DA6950AC82C7B0025418C;
			isa = PBXBuildFile;
			settings = {
			};
		};
		7F84DB380AD677C000B75BFC = {
			fileRef = 7F8DA6930AC82C710025418C;
			isa = PBXBuildFile;
			settings = {
			};
		};
		7F8DA6930AC82C710025418C = {
			isa = PBXFileReference;
			lastKnownFileType = wrapper.framework;
			name = SDL.framework;
			path = /Library/Frameworks/SDL.framework;
			refType = 0;
			sourceTree = "<absolute>";
		};
		7F8DA6940AC82C710025418C = {
			fileRef = 7F8DA6930AC82C710025418C;
			isa = PBXBuildFile;
			settings = {
			};
		};
		7F8DA6950AC82C7B0025418C = {
			isa = PBXFileReference;
			lastKnownFileType = wrapper.framework;
			name = SDL_image.framework;
			path = /Library/Frameworks/SDL_image.framework;
			refType = 0;
			sourceTree = "<absolute>";
		};
		7F8DA6960AC82C7B0025418C = {
			fileRef = 7F8DA6950AC82C7B0025418C;
			isa = PBXBuildFile;
			settings = {
			};
		};
		7F8FF18E0B065E7A008CBBF7 = {
			isa = PBXFileReference;
			lastKnownFileType = wrapper.framework;
			name = IOKit.framework;
			path = /System/Library/Frameworks/IOKit.framework;
			refType = 0;
			sourceTree = "<absolute>";
		};
		7F8FF18F0B065E7A008CBBF7 = {
			fileRef = 7F8FF18E0B065E7A008CBBF7;
			isa = PBXBuildFile;
			settings = {
			};
		};
		7FA3E9DE0ACFAE0600BD4684 = {
			isa = PBXFileReference;
			lastKnownFileType = wrapper.framework;
			name = SDL_mixer.framework;
			path = /Library/Frameworks/SDL_mixer.framework;
			refType = 0;
			sourceTree = "<absolute>";
		};
		7FA3E9DF0ACFAE0600BD4684 = {
			fileRef = 7FA3E9DE0ACFAE0600BD4684;
			isa = PBXBuildFile;
			settings = {
			};
		};
		7FAB1CED0B5A87ED00820F59 = {
			fileEncoding = 4;
			isa = PBXFileReference;
			lastKnownFileType = sourcecode.c.h;
			path = CScreenFader.h;
			refType = 4;
			sourceTree = "<group>";
		};
		7FAB1CEE0B5A87ED00820F59 = {
			fileEncoding = 4;
			isa = PBXFileReference;
			lastKnownFileType = sourcecode.cpp.cpp;
			path = CScreenFader.cpp;
			refType = 4;
			sourceTree = "<group>";
		};
		7FAB1CEF0B5A87ED00820F59 = {
			fileRef = 7FAB1CED0B5A87ED00820F59;
			isa = PBXBuildFile;
			settings = {
			};
		};
		7FAB1CF00B5A87ED00820F59 = {
			fileRef = 7FAB1CEE0B5A87ED00820F59;
			isa = PBXBuildFile;
			settings = {
			};
		};
		7FAC671B0B1EE3EB008473AA = {
			isa = PBXFileReference;
			lastKnownFileType = archive.ar;
			name = lib3ds.a;
			path = lib/ppc/lib3ds.a;
			refType = 4;
			sourceTree = "<group>";
		};
		7FAC671C0B1EE3EB008473AA = {
			isa = PBXFileReference;
			lastKnownFileType = archive.ar;
			name = libfreetype.a;
			path = lib/ppc/libfreetype.a;
			refType = 4;
			sourceTree = "<group>";
		};
		7FAC671D0B1EE3EB008473AA = {
			isa = PBXFileReference;
			lastKnownFileType = archive.ar;
			name = libftgl.a;
			path = lib/ppc/libftgl.a;
			refType = 4;
			sourceTree = "<group>";
		};
		7FAC671E0B1EE3EB008473AA = {
			fileRef = 7FAC671B0B1EE3EB008473AA;
			isa = PBXBuildFile;
			settings = {
			};
		};
		7FAC671F0B1EE3EB008473AA = {
			fileRef = 7FAC671C0B1EE3EB008473AA;
			isa = PBXBuildFile;
			settings = {
			};
		};
		7FAC67200B1EE3EB008473AA = {
			fileRef = 7FAC671D0B1EE3EB008473AA;
			isa = PBXBuildFile;
			settings = {
			};
		};
		7FAD1B9D0AFD250D00E58059 = {
			fileEncoding = 4;
			isa = PBXFileReference;
			lastKnownFileType = sourcecode.c.h;
			path = CTimebar.h;
			refType = 4;
			sourceTree = "<group>";
		};
		7FAD1B9E0AFD250D00E58059 = {
			fileEncoding = 4;
			isa = PBXFileReference;
			lastKnownFileType = sourcecode.cpp.cpp;
			path = CTimebar.cpp;
			refType = 4;
			sourceTree = "<group>";
		};
		7FAD1B9F0AFD250D00E58059 = {
			fileRef = 7FAD1B9D0AFD250D00E58059;
			isa = PBXBuildFile;
			settings = {
			};
		};
		7FAD1BA00AFD250D00E58059 = {
			fileRef = 7FAD1B9E0AFD250D00E58059;
			isa = PBXBuildFile;
			settings = {
			};
		};
		7FB27E900A8E0DB900B627AC = {
			fileEncoding = 4;
			isa = PBXFileReference;
			lastKnownFileType = sourcecode.c.h;
			path = intToString.h;
			refType = 4;
			sourceTree = "<group>";
		};
		7FB27E910A8E0DB900B627AC = {
			fileEncoding = 4;
			isa = PBXFileReference;
			lastKnownFileType = sourcecode.cpp.cpp;
			path = intToString.cpp;
			refType = 4;
			sourceTree = "<group>";
		};
		7FB27E920A8E0DB900B627AC = {
			fileRef = 7FB27E900A8E0DB900B627AC;
			isa = PBXBuildFile;
			settings = {
			};
		};
		7FB27E930A8E0DB900B627AC = {
			fileRef = 7FB27E910A8E0DB900B627AC;
			isa = PBXBuildFile;
			settings = {
			};
		};
		7FB4BABF0A85E85700096FE6 = {
			fileEncoding = 4;
			isa = PBXFileReference;
			lastKnownFileType = sourcecode.c.h;
			path = CMapPlaylist.h;
			refType = 4;
			sourceTree = "<group>";
		};
		7FB4BAC00A85E85700096FE6 = {
			fileEncoding = 4;
			isa = PBXFileReference;
			lastKnownFileType = sourcecode.cpp.cpp;
			path = CMapPlaylist.cpp;
			refType = 4;
			sourceTree = "<group>";
		};
		7FB4BAC10A85E85700096FE6 = {
			fileRef = 7FB4BABF0A85E85700096FE6;
			isa = PBXBuildFile;
			settings = {
			};
		};
		7FB4BAC20A85E85700096FE6 = {
			fileRef = 7FB4BAC00A85E85700096FE6;
			isa = PBXBuildFile;
			settings = {
			};
		};
		7FB4BEE40A892B8E00096FE6 = {
			fileEncoding = 4;
			isa = PBXFileReference;
			lastKnownFileType = sourcecode.c.h;
			path = CInputManager.h;
			refType = 4;
			sourceTree = "<group>";
		};
		7FB4BEE50A892B8E00096FE6 = {
			fileEncoding = 4;
			isa = PBXFileReference;
			lastKnownFileType = sourcecode.cpp.cpp;
			path = CInputManager.cpp;
			refType = 4;
			sourceTree = "<group>";
		};
		7FB4BEE60A892B8E00096FE6 = {
			fileRef = 7FB4BEE40A892B8E00096FE6;
			isa = PBXBuildFile;
			settings = {
			};
		};
		7FB4BEE70A892B8E00096FE6 = {
			fileRef = 7FB4BEE50A892B8E00096FE6;
			isa = PBXBuildFile;
			settings = {
			};
		};
		7FD200720AF93987008FC019 = {
			fileEncoding = 30;
			isa = PBXFileReference;
			lastKnownFileType = sourcecode.cpp.cpp;
			path = checkScreenResolution.cpp;
			refType = 4;
			sourceTree = "<group>";
		};
		7FD200730AF93987008FC019 = {
			fileEncoding = 30;
			isa = PBXFileReference;
			lastKnownFileType = sourcecode.c.h;
			path = checkScreenResolution.h;
			refType = 4;
			sourceTree = "<group>";
		};
		7FD200740AF93987008FC019 = {
			fileRef = 7FD200720AF93987008FC019;
			isa = PBXBuildFile;
			settings = {
			};
		};
		7FD200750AF93987008FC019 = {
			fileRef = 7FD200730AF93987008FC019;
			isa = PBXBuildFile;
			settings = {
			};
		};
		7FD22CCF0A7AA70F005FF70E = {
			fileEncoding = 4;
			isa = PBXFileReference;
			lastKnownFileType = sourcecode.c.h;
			path = CItem_Condom.h;
			refType = 4;
			sourceTree = "<group>";
		};
		7FD22CD00A7AA70F005FF70E = {
			fileEncoding = 4;
			isa = PBXFileReference;
			lastKnownFileType = sourcecode.cpp.cpp;
			path = CItem_Condom.cpp;
			refType = 4;
			sourceTree = "<group>";
		};
		7FD22CD10A7AA70F005FF70E = {
			fileRef = 7FD22CCF0A7AA70F005FF70E;
			isa = PBXBuildFile;
			settings = {
			};
		};
		7FD22CD20A7AA70F005FF70E = {
			fileRef = 7FD22CD00A7AA70F005FF70E;
			isa = PBXBuildFile;
			settings = {
			};
		};
		7FE5F6B70B4A78A500175F0A = {
			fileEncoding = 4;
			isa = PBXFileReference;
			lastKnownFileType = sourcecode.c.h;
			path = CParticle.h;
			refType = 4;
			sourceTree = "<group>";
		};
		7FE5F6B80B4A78A500175F0A = {
			fileEncoding = 4;
			isa = PBXFileReference;
			lastKnownFileType = sourcecode.cpp.cpp;
			path = CParticle.cpp;
			refType = 4;
			sourceTree = "<group>";
		};
		7FE5F6B90B4A78A500175F0A = {
			fileRef = 7FE5F6B70B4A78A500175F0A;
			isa = PBXBuildFile;
			settings = {
			};
		};
		7FE5F6BA0B4A78A500175F0A = {
			fileRef = 7FE5F6B80B4A78A500175F0A;
			isa = PBXBuildFile;
			settings = {
			};
		};
		7FE5F7270B4A7F6200175F0A = {
			fileEncoding = 4;
			isa = PBXFileReference;
			lastKnownFileType = sourcecode.c.h;
			path = CParticle_Item.h;
			refType = 4;
			sourceTree = "<group>";
		};
		7FE5F7280B4A7F6200175F0A = {
			fileEncoding = 4;
			isa = PBXFileReference;
			lastKnownFileType = sourcecode.cpp.cpp;
			path = CParticle_Item.cpp;
			refType = 4;
			sourceTree = "<group>";
		};
		7FE5F7290B4A7F6200175F0A = {
			fileRef = 7FE5F7270B4A7F6200175F0A;
			isa = PBXBuildFile;
			settings = {
			};
		};
		7FE5F72A0B4A7F6200175F0A = {
			fileRef = 7FE5F7280B4A7F6200175F0A;
			isa = PBXBuildFile;
			settings = {
			};
		};
		7FE5F7AA0B4A8D1600175F0A = {
			fileEncoding = 4;
			isa = PBXFileReference;
			lastKnownFileType = sourcecode.c.h;
			path = CParticleManager.h;
			refType = 4;
			sourceTree = "<group>";
		};
		7FE5F7AB0B4A8D1600175F0A = {
			fileEncoding = 4;
			isa = PBXFileReference;
			lastKnownFileType = sourcecode.cpp.cpp;
			path = CParticleManager.cpp;
			refType = 4;
			sourceTree = "<group>";
		};
		7FE5F7AC0B4A8D1600175F0A = {
			fileRef = 7FE5F7AA0B4A8D1600175F0A;
			isa = PBXBuildFile;
			settings = {
			};
		};
		7FE5F7AD0B4A8D1600175F0A = {
			fileRef = 7FE5F7AB0B4A8D1600175F0A;
			isa = PBXBuildFile;
			settings = {
			};
		};
		7FE5FADA0B4ACD6900175F0A = {
			fileEncoding = 4;
			isa = PBXFileReference;
			lastKnownFileType = sourcecode.c.h;
			path = CParticle_Smoke.h;
			refType = 4;
			sourceTree = "<group>";
		};
		7FE5FADB0B4ACD6900175F0A = {
			fileEncoding = 4;
			isa = PBXFileReference;
			lastKnownFileType = sourcecode.cpp.cpp;
			path = CParticle_Smoke.cpp;
			refType = 4;
			sourceTree = "<group>";
		};
		7FE5FADC0B4ACD6900175F0A = {
			fileRef = 7FE5FADA0B4ACD6900175F0A;
			isa = PBXBuildFile;
			settings = {
			};
		};
		7FE5FADD0B4ACD6900175F0A = {
			fileRef = 7FE5FADB0B4ACD6900175F0A;
			isa = PBXBuildFile;
			settings = {
			};
		};
		7FE5FBDF0B4AE21C00175F0A = {
			fileEncoding = 4;
			isa = PBXFileReference;
			lastKnownFileType = sourcecode.c.h;
			path = CParticle_Crate.h;
			refType = 4;
			sourceTree = "<group>";
		};
		7FE5FBE00B4AE21C00175F0A = {
			fileEncoding = 4;
			isa = PBXFileReference;
			lastKnownFileType = sourcecode.cpp.cpp;
			path = CParticle_Crate.cpp;
			refType = 4;
			sourceTree = "<group>";
		};
		7FE5FBE10B4AE21C00175F0A = {
			fileRef = 7FE5FBDF0B4AE21C00175F0A;
			isa = PBXBuildFile;
			settings = {
			};
		};
		7FE5FBE20B4AE21C00175F0A = {
			fileRef = 7FE5FBE00B4AE21C00175F0A;
			isa = PBXBuildFile;
			settings = {
			};
		};
		7FE7F5060AB9F7A4003C6EF3 = {
			children = (
				7FE7F5280AB9F930003C6EF3,
				7FE7F5270AB9F930003C6EF3,
				7F594F050ABA931E001BAAC1,
				7F594F060ABA931E001BAAC1,
				7F5950050ABAC61A001BAAC1,
				7F5950060ABAC61A001BAAC1,
			);
			isa = PBXGroup;
			path = Gametypes;
			refType = 4;
			sourceTree = "<group>";
		};
		7FE7F5270AB9F930003C6EF3 = {
			fileEncoding = 30;
			isa = PBXFileReference;
			lastKnownFileType = sourcecode.cpp.cpp;
			path = CGame.cpp;
			refType = 4;
			sourceTree = "<group>";
		};
		7FE7F5280AB9F930003C6EF3 = {
			fileEncoding = 30;
			isa = PBXFileReference;
			lastKnownFileType = sourcecode.c.h;
			path = CGame.h;
			refType = 4;
			sourceTree = "<group>";
		};
		7FE7F5290AB9F930003C6EF3 = {
			fileRef = 7FE7F5270AB9F930003C6EF3;
			isa = PBXBuildFile;
			settings = {
			};
		};
		7FE7F52A0AB9F930003C6EF3 = {
			fileRef = 7FE7F5280AB9F930003C6EF3;
			isa = PBXBuildFile;
			settings = {
			};
		};
		7FEF6D8A0B4676F700868ED6 = {
			children = (
				7FE5F7AA0B4A8D1600175F0A,
				7FE5F7AB0B4A8D1600175F0A,
				7FE5F6B70B4A78A500175F0A,
				7FE5F6B80B4A78A500175F0A,
				7FE5F7270B4A7F6200175F0A,
				7FE5F7280B4A7F6200175F0A,
				7FE5FADA0B4ACD6900175F0A,
				7FE5FADB0B4ACD6900175F0A,
				7F4013030B4D5D5600399E3B,
				7F4013040B4D5D5600399E3B,
				7FE5FBDF0B4AE21C00175F0A,
				7FE5FBE00B4AE21C00175F0A,
				7F4023CC0B4EBAA000399E3B,
				7F4023CD0B4EBAA000399E3B,
			);
			isa = PBXGroup;
			path = ParticleSystem;
			refType = 4;
			sourceTree = "<group>";
		};
		7FF9E7D50A965D8B00F03DA1 = {
			isa = PBXFileReference;
			lastKnownFileType = image.icns;
			path = icon.icns;
			refType = 4;
			sourceTree = "<group>";
		};
		7FF9E7D60A965D8B00F03DA1 = {
			fileRef = 7FF9E7D50A965D8B00F03DA1;
			isa = PBXBuildFile;
			settings = {
			};
		};
//7F0
//7F1
//7F2
//7F3
//7F4
//F50
//F51
//F52
//F53
//F54
		F5A47A9D01A0482F01D3D55B = {
			isa = PBXFileReference;
			lastKnownFileType = sourcecode.c.h;
			path = SDLMain.h;
			refType = 2;
			sourceTree = SOURCE_ROOT;
		};
		F5A47A9E01A0483001D3D55B = {
			isa = PBXFileReference;
			lastKnownFileType = sourcecode.c.objc;
			path = SDLMain.m;
			refType = 2;
			sourceTree = SOURCE_ROOT;
		};
		F5A47A9F01A0483001D3D55B = {
			isa = PBXFileReference;
			lastKnownFileType = sourcecode.cpp.cpp;
			path = main.cpp;
			refType = 2;
			sourceTree = SOURCE_ROOT;
		};
		F5A47AA101A0483001D3D55B = {
			fileRef = F5A47A9D01A0482F01D3D55B;
			isa = PBXBuildFile;
			settings = {
			};
		};
		F5A47AA301A0483001D3D55B = {
			fileRef = F5A47A9E01A0483001D3D55B;
			isa = PBXBuildFile;
			settings = {
			};
		};
		F5A47AA401A0483001D3D55B = {
			fileRef = F5A47A9F01A0483001D3D55B;
			isa = PBXBuildFile;
			settings = {
			};
		};
	};
	rootObject = 29B97313FDCFA39411CA2CEA;
}
